// !$*UTF8*$!
{
	archiveVersion = 1;
	classes = {
	};
	objectVersion = 46;
	objects = {

/* Begin PBXBuildFile section */
		3D48545AA8D00A3CC1AC7BBC /* libPods-DoctorOnHand.a in Frameworks */ = {isa = PBXBuildFile; fileRef = 98F5EBAE62FC8E6C30883826 /* libPods-DoctorOnHand.a */; };
		CD795A9D1D18DDDF000B7619 /* main.m in Sources */ = {isa = PBXBuildFile; fileRef = CD795A9C1D18DDDF000B7619 /* main.m */; };
		CD795AA01D18DDDF000B7619 /* AppDelegate.m in Sources */ = {isa = PBXBuildFile; fileRef = CD795A9F1D18DDDF000B7619 /* AppDelegate.m */; };
		CD795AA81D18DDDF000B7619 /* Assets.xcassets in Resources */ = {isa = PBXBuildFile; fileRef = CD795AA71D18DDDF000B7619 /* Assets.xcassets */; };
		DD5F0469249BAC590043C2AE /* CMPMBaseViewController.m in Sources */ = {isa = PBXBuildFile; fileRef = DD5F0467249BAC590043C2AE /* CMPMBaseViewController.m */; };
		DD6C4D76249BACB2001C9344 /* CMPMSignatureViewController.m in Sources */ = {isa = PBXBuildFile; fileRef = DD6C4D74249BACB2001C9344 /* CMPMSignatureViewController.m */; };
		DD6C4D77249BACB2001C9344 /* CMPMSignatureView.m in Sources */ = {isa = PBXBuildFile; fileRef = DD6C4D75249BACB2001C9344 /* CMPMSignatureView.m */; };
		DD6C4D7A249BACD0001C9344 /* WFHomeViewController.m in Sources */ = {isa = PBXBuildFile; fileRef = DD6C4D79249BACD0001C9344 /* WFHomeViewController.m */; };
		DD6C4D9B249BB400001C9344 /* UIViewController+CMPMExtention.m in Sources */ = {isa = PBXBuildFile; fileRef = DD6C4D8D249BB3FF001C9344 /* UIViewController+CMPMExtention.m */; };
		DD6C4D9C249BB400001C9344 /* UIButton+CMPMExtension.m in Sources */ = {isa = PBXBuildFile; fileRef = DD6C4D8E249BB3FF001C9344 /* UIButton+CMPMExtension.m */; };
		DD6C4D9D249BB400001C9344 /* NSDateFormatter+CMPMExtension.m in Sources */ = {isa = PBXBuildFile; fileRef = DD6C4D90249BB3FF001C9344 /* NSDateFormatter+CMPMExtension.m */; };
		DD6C4D9E249BB400001C9344 /* NSString+CMPMExtension.m in Sources */ = {isa = PBXBuildFile; fileRef = DD6C4D91249BB3FF001C9344 /* NSString+CMPMExtension.m */; };
		DD6C4D9F249BB400001C9344 /* NSCharacterSet+CMPMExtension.m in Sources */ = {isa = PBXBuildFile; fileRef = DD6C4D93249BB3FF001C9344 /* NSCharacterSet+CMPMExtension.m */; };
		DD6C4DA0249BB400001C9344 /* UIColor+CMPMExtension.m in Sources */ = {isa = PBXBuildFile; fileRef = DD6C4D94249BB3FF001C9344 /* UIColor+CMPMExtension.m */; };
		DD6C4DA1249BB400001C9344 /* CATransition+CMPMExtension.m in Sources */ = {isa = PBXBuildFile; fileRef = DD6C4D96249BB3FF001C9344 /* CATransition+CMPMExtension.m */; };
		DD6C4DA2249BB400001C9344 /* UIImage+CMPMExtension.m in Sources */ = {isa = PBXBuildFile; fileRef = DD6C4D98249BB400001C9344 /* UIImage+CMPMExtension.m */; };
		DD6C4DA4249BB4F1001C9344 /* XPRootNavigationController.m in Sources */ = {isa = PBXBuildFile; fileRef = DD6C4DA3249BB4F1001C9344 /* XPRootNavigationController.m */; };
		FEA4AEF6249B1A47006B9ABE /* WFLoginViewController.m in Sources */ = {isa = PBXBuildFile; fileRef = FEA4AEF5249B1A47006B9ABE /* WFLoginViewController.m */; };
/* End PBXBuildFile section */

/* Begin PBXFileReference section */
		653F83E6ACB345449029A4B2 /* Pods-DoctorOnHand.release.xcconfig */ = {isa = PBXFileReference; includeInIndex = 1; lastKnownFileType = text.xcconfig; name = "Pods-DoctorOnHand.release.xcconfig"; path = "Target Support Files/Pods-DoctorOnHand/Pods-DoctorOnHand.release.xcconfig"; sourceTree = "<group>"; };
		98F5EBAE62FC8E6C30883826 /* libPods-DoctorOnHand.a */ = {isa = PBXFileReference; explicitFileType = archive.ar; includeInIndex = 0; path = "libPods-DoctorOnHand.a"; sourceTree = BUILT_PRODUCTS_DIR; };
		C2646091207787AD70D64DC7 /* Pods-DoctorOnHand.debug.xcconfig */ = {isa = PBXFileReference; includeInIndex = 1; lastKnownFileType = text.xcconfig; name = "Pods-DoctorOnHand.debug.xcconfig"; path = "Target Support Files/Pods-DoctorOnHand/Pods-DoctorOnHand.debug.xcconfig"; sourceTree = "<group>"; };
		CD795A981D18DDDF000B7619 /* DoctorOnHand.app */ = {isa = PBXFileReference; explicitFileType = wrapper.application; includeInIndex = 0; path = DoctorOnHand.app; sourceTree = BUILT_PRODUCTS_DIR; };
		CD795A9C1D18DDDF000B7619 /* main.m */ = {isa = PBXFileReference; lastKnownFileType = sourcecode.c.objc; path = main.m; sourceTree = "<group>"; };
		CD795A9E1D18DDDF000B7619 /* AppDelegate.h */ = {isa = PBXFileReference; lastKnownFileType = sourcecode.c.h; path = AppDelegate.h; sourceTree = "<group>"; };
		CD795A9F1D18DDDF000B7619 /* AppDelegate.m */ = {isa = PBXFileReference; lastKnownFileType = sourcecode.c.objc; path = AppDelegate.m; sourceTree = "<group>"; };
		CD795AA71D18DDDF000B7619 /* Assets.xcassets */ = {isa = PBXFileReference; lastKnownFileType = folder.assetcatalog; path = Assets.xcassets; sourceTree = "<group>"; };
		CD795AAC1D18DDDF000B7619 /* Info.plist */ = {isa = PBXFileReference; lastKnownFileType = text.plist.xml; path = Info.plist; sourceTree = "<group>"; };
		DD5F045C249BA8240043C2AE /* ColorHelper.h */ = {isa = PBXFileReference; fileEncoding = 4; lastKnownFileType = sourcecode.c.h; path = ColorHelper.h; sourceTree = "<group>"; };
		DD5F045E249BA8240043C2AE /* Constant.h */ = {isa = PBXFileReference; fileEncoding = 4; lastKnownFileType = sourcecode.c.h; path = Constant.h; sourceTree = "<group>"; };
		DD5F045F249BA8240043C2AE /* UserDefaultKey.h */ = {isa = PBXFileReference; fileEncoding = 4; lastKnownFileType = sourcecode.c.h; path = UserDefaultKey.h; sourceTree = "<group>"; };
		DD5F0467249BAC590043C2AE /* CMPMBaseViewController.m */ = {isa = PBXFileReference; fileEncoding = 4; lastKnownFileType = sourcecode.c.objc; path = CMPMBaseViewController.m; sourceTree = "<group>"; };
		DD5F0468249BAC590043C2AE /* CMPMBaseViewController.h */ = {isa = PBXFileReference; fileEncoding = 4; lastKnownFileType = sourcecode.c.h; path = CMPMBaseViewController.h; sourceTree = "<group>"; };
		DD6C4D72249BACB2001C9344 /* CMPMSignatureViewController.h */ = {isa = PBXFileReference; fileEncoding = 4; lastKnownFileType = sourcecode.c.h; path = CMPMSignatureViewController.h; sourceTree = "<group>"; };
		DD6C4D73249BACB2001C9344 /* CMPMSignatureView.h */ = {isa = PBXFileReference; fileEncoding = 4; lastKnownFileType = sourcecode.c.h; path = CMPMSignatureView.h; sourceTree = "<group>"; };
		DD6C4D74249BACB2001C9344 /* CMPMSignatureViewController.m */ = {isa = PBXFileReference; fileEncoding = 4; lastKnownFileType = sourcecode.c.objc; path = CMPMSignatureViewController.m; sourceTree = "<group>"; };
		DD6C4D75249BACB2001C9344 /* CMPMSignatureView.m */ = {isa = PBXFileReference; fileEncoding = 4; lastKnownFileType = sourcecode.c.objc; path = CMPMSignatureView.m; sourceTree = "<group>"; };
		DD6C4D78249BACD0001C9344 /* WFHomeViewController.h */ = {isa = PBXFileReference; lastKnownFileType = sourcecode.c.h; path = WFHomeViewController.h; sourceTree = "<group>"; };
		DD6C4D79249BACD0001C9344 /* WFHomeViewController.m */ = {isa = PBXFileReference; lastKnownFileType = sourcecode.c.objc; path = WFHomeViewController.m; sourceTree = "<group>"; };
		DD6C4D8B249BB3FE001C9344 /* UIButton+CMPMExtension.h */ = {isa = PBXFileReference; fileEncoding = 4; lastKnownFileType = sourcecode.c.h; path = "UIButton+CMPMExtension.h"; sourceTree = "<group>"; };
		DD6C4D8C249BB3FF001C9344 /* NSDateFormatter+CMPMExtension.h */ = {isa = PBXFileReference; fileEncoding = 4; lastKnownFileType = sourcecode.c.h; path = "NSDateFormatter+CMPMExtension.h"; sourceTree = "<group>"; };
		DD6C4D8D249BB3FF001C9344 /* UIViewController+CMPMExtention.m */ = {isa = PBXFileReference; fileEncoding = 4; lastKnownFileType = sourcecode.c.objc; path = "UIViewController+CMPMExtention.m"; sourceTree = "<group>"; };
		DD6C4D8E249BB3FF001C9344 /* UIButton+CMPMExtension.m */ = {isa = PBXFileReference; fileEncoding = 4; lastKnownFileType = sourcecode.c.objc; path = "UIButton+CMPMExtension.m"; sourceTree = "<group>"; };
		DD6C4D8F249BB3FF001C9344 /* NSCharacterSet+CMPMExtension.h */ = {isa = PBXFileReference; fileEncoding = 4; lastKnownFileType = sourcecode.c.h; path = "NSCharacterSet+CMPMExtension.h"; sourceTree = "<group>"; };
		DD6C4D90249BB3FF001C9344 /* NSDateFormatter+CMPMExtension.m */ = {isa = PBXFileReference; fileEncoding = 4; lastKnownFileType = sourcecode.c.objc; path = "NSDateFormatter+CMPMExtension.m"; sourceTree = "<group>"; };
		DD6C4D91249BB3FF001C9344 /* NSString+CMPMExtension.m */ = {isa = PBXFileReference; fileEncoding = 4; lastKnownFileType = sourcecode.c.objc; path = "NSString+CMPMExtension.m"; sourceTree = "<group>"; };
		DD6C4D92249BB3FF001C9344 /* UIColor+CMPMExtension.h */ = {isa = PBXFileReference; fileEncoding = 4; lastKnownFileType = sourcecode.c.h; path = "UIColor+CMPMExtension.h"; sourceTree = "<group>"; };
		DD6C4D93249BB3FF001C9344 /* NSCharacterSet+CMPMExtension.m */ = {isa = PBXFileReference; fileEncoding = 4; lastKnownFileType = sourcecode.c.objc; path = "NSCharacterSet+CMPMExtension.m"; sourceTree = "<group>"; };
		DD6C4D94249BB3FF001C9344 /* UIColor+CMPMExtension.m */ = {isa = PBXFileReference; fileEncoding = 4; lastKnownFileType = sourcecode.c.objc; path = "UIColor+CMPMExtension.m"; sourceTree = "<group>"; };
		DD6C4D95249BB3FF001C9344 /* NSString+CMPMExtension.h */ = {isa = PBXFileReference; fileEncoding = 4; lastKnownFileType = sourcecode.c.h; path = "NSString+CMPMExtension.h"; sourceTree = "<group>"; };
		DD6C4D96249BB3FF001C9344 /* CATransition+CMPMExtension.m */ = {isa = PBXFileReference; fileEncoding = 4; lastKnownFileType = sourcecode.c.objc; path = "CATransition+CMPMExtension.m"; sourceTree = "<group>"; };
		DD6C4D97249BB3FF001C9344 /* CATransition+CMPMExtension.h */ = {isa = PBXFileReference; fileEncoding = 4; lastKnownFileType = sourcecode.c.h; path = "CATransition+CMPMExtension.h"; sourceTree = "<group>"; };
		DD6C4D98249BB400001C9344 /* UIImage+CMPMExtension.m */ = {isa = PBXFileReference; fileEncoding = 4; lastKnownFileType = sourcecode.c.objc; path = "UIImage+CMPMExtension.m"; sourceTree = "<group>"; };
		DD6C4D99249BB400001C9344 /* UIImage+CMPMExtension.h */ = {isa = PBXFileReference; fileEncoding = 4; lastKnownFileType = sourcecode.c.h; path = "UIImage+CMPMExtension.h"; sourceTree = "<group>"; };
		DD6C4D9A249BB400001C9344 /* UIViewController+CMPMExtention.h */ = {isa = PBXFileReference; fileEncoding = 4; lastKnownFileType = sourcecode.c.h; path = "UIViewController+CMPMExtention.h"; sourceTree = "<group>"; };
		DD6C4DA3249BB4F1001C9344 /* XPRootNavigationController.m */ = {isa = PBXFileReference; fileEncoding = 4; lastKnownFileType = sourcecode.c.objc; path = XPRootNavigationController.m; sourceTree = "<group>"; };
		FEA4AEF4249B1A47006B9ABE /* WFLoginViewController.h */ = {isa = PBXFileReference; lastKnownFileType = sourcecode.c.h; path = WFLoginViewController.h; sourceTree = "<group>"; };
		FEA4AEF5249B1A47006B9ABE /* WFLoginViewController.m */ = {isa = PBXFileReference; lastKnownFileType = sourcecode.c.objc; path = WFLoginViewController.m; sourceTree = "<group>"; };
		FEA4AEF7249B4B7B006B9ABE /* PrefixHeader.pch */ = {isa = PBXFileReference; lastKnownFileType = sourcecode.c.h; path = PrefixHeader.pch; sourceTree = "<group>"; };
/* End PBXFileReference section */

/* Begin PBXFrameworksBuildPhase section */
		CD795A951D18DDDF000B7619 /* Frameworks */ = {
			isa = PBXFrameworksBuildPhase;
			buildActionMask = 2147483647;
			files = (
				3D48545AA8D00A3CC1AC7BBC /* libPods-DoctorOnHand.a in Frameworks */,
			);
			runOnlyForDeploymentPostprocessing = 0;
		};
/* End PBXFrameworksBuildPhase section */

/* Begin PBXGroup section */
		809E8D27E85B5836B262715E /* Frameworks */ = {
			isa = PBXGroup;
			children = (
				98F5EBAE62FC8E6C30883826 /* libPods-DoctorOnHand.a */,
			);
			name = Frameworks;
			sourceTree = "<group>";
		};
		CD795A8F1D18DDDF000B7619 = {
			isa = PBXGroup;
			children = (
				CD795A9A1D18DDDF000B7619 /* DoctorOnHand */,
				CD795A991D18DDDF000B7619 /* Products */,
				DA9C5F5F1AC4E5EE953C2E0D /* Pods */,
				809E8D27E85B5836B262715E /* Frameworks */,
			);
			sourceTree = "<group>";
		};
		CD795A991D18DDDF000B7619 /* Products */ = {
			isa = PBXGroup;
			children = (
				CD795A981D18DDDF000B7619 /* DoctorOnHand.app */,
			);
			name = Products;
			sourceTree = "<group>";
		};
		CD795A9A1D18DDDF000B7619 /* DoctorOnHand */ = {
			isa = PBXGroup;
			children = (
				CD795A9E1D18DDDF000B7619 /* AppDelegate.h */,
				CD795A9F1D18DDDF000B7619 /* AppDelegate.m */,
				DD6C4D7C249BAD0F001C9344 /* ViewControllers */,
				DD6C4D7B249BACF5001C9344 /* BaseClass */,
				DD6C4D7D249BAD24001C9344 /* Utils */,
				DD6C4D8A249BB3E8001C9344 /* Category */,
				DD6C4D88249BADB9001C9344 /* Globals */,
				DD6C4D89249BADC9001C9344 /* SupportingFiles */,
			);
			path = DoctorOnHand;
			sourceTree = "<group>";
		};
		DA9C5F5F1AC4E5EE953C2E0D /* Pods */ = {
			isa = PBXGroup;
			children = (
				C2646091207787AD70D64DC7 /* Pods-DoctorOnHand.debug.xcconfig */,
				653F83E6ACB345449029A4B2 /* Pods-DoctorOnHand.release.xcconfig */,
			);
			path = Pods;
			sourceTree = "<group>";
		};
		DD6C4D7B249BACF5001C9344 /* BaseClass */ = {
			isa = PBXGroup;
			children = (
				DD6C4DA3249BB4F1001C9344 /* XPRootNavigationController.m */,
				DD5F0468249BAC590043C2AE /* CMPMBaseViewController.h */,
				DD5F0467249BAC590043C2AE /* CMPMBaseViewController.m */,
			);
			path = BaseClass;
			sourceTree = "<group>";
		};
		DD6C4D7C249BAD0F001C9344 /* ViewControllers */ = {
			isa = PBXGroup;
			children = (
				FEA4AEF4249B1A47006B9ABE /* WFLoginViewController.h */,
				FEA4AEF5249B1A47006B9ABE /* WFLoginViewController.m */,
				DD6C4D78249BACD0001C9344 /* WFHomeViewController.h */,
				DD6C4D79249BACD0001C9344 /* WFHomeViewController.m */,
			);
			path = ViewControllers;
			sourceTree = "<group>";
		};
		DD6C4D7D249BAD24001C9344 /* Utils */ = {
			isa = PBXGroup;
			children = (
				DD6C4D87249BADA6001C9344 /* 音视频 */,
				DD6C4D86249BADA0001C9344 /* 图片 */,
				DD6C4D85249BAD9A001C9344 /* 文件缓存 */,
				DD6C4D84249BAD91001C9344 /* 拍照录像 */,
				DD6C4D83249BAD87001C9344 /* 文件上传 */,
				DD6C4D7F249BAD5B001C9344 /* 手写板 */,
			);
			path = Utils;
			sourceTree = "<group>";
		};
		DD6C4D7F249BAD5B001C9344 /* 手写板 */ = {
			isa = PBXGroup;
			children = (
				DD6C4D73249BACB2001C9344 /* CMPMSignatureView.h */,
				DD6C4D75249BACB2001C9344 /* CMPMSignatureView.m */,
				DD6C4D72249BACB2001C9344 /* CMPMSignatureViewController.h */,
				DD6C4D74249BACB2001C9344 /* CMPMSignatureViewController.m */,
			);
			path = "手写板";
			sourceTree = "<group>";
		};
		DD6C4D83249BAD87001C9344 /* 文件上传 */ = {
			isa = PBXGroup;
			children = (
			);
			path = "文件上传";
			sourceTree = "<group>";
		};
		DD6C4D84249BAD91001C9344 /* 拍照录像 */ = {
			isa = PBXGroup;
			children = (
			);
			path = "拍照录像";
			sourceTree = "<group>";
		};
		DD6C4D85249BAD9A001C9344 /* 文件缓存 */ = {
			isa = PBXGroup;
			children = (
			);
			path = "文件缓存";
			sourceTree = "<group>";
		};
		DD6C4D86249BADA0001C9344 /* 图片 */ = {
			isa = PBXGroup;
			children = (
			);
			path = "图片";
			sourceTree = "<group>";
		};
		DD6C4D87249BADA6001C9344 /* 音视频 */ = {
			isa = PBXGroup;
			children = (
			);
			path = "音视频";
			sourceTree = "<group>";
		};
		DD6C4D88249BADB9001C9344 /* Globals */ = {
			isa = PBXGroup;
			children = (
				FEA4AEF7249B4B7B006B9ABE /* PrefixHeader.pch */,
				DD5F045C249BA8240043C2AE /* ColorHelper.h */,
				DD5F045E249BA8240043C2AE /* Constant.h */,
				DD5F045F249BA8240043C2AE /* UserDefaultKey.h */,
			);
			path = Globals;
			sourceTree = "<group>";
		};
		DD6C4D89249BADC9001C9344 /* SupportingFiles */ = {
			isa = PBXGroup;
			children = (
				CD795AA71D18DDDF000B7619 /* Assets.xcassets */,
				CD795AAC1D18DDDF000B7619 /* Info.plist */,
				CD795A9C1D18DDDF000B7619 /* main.m */,
			);
			path = SupportingFiles;
			sourceTree = "<group>";
		};
		DD6C4D8A249BB3E8001C9344 /* Category */ = {
			isa = PBXGroup;
			children = (
				DD6C4D97249BB3FF001C9344 /* CATransition+CMPMExtension.h */,
				DD6C4D96249BB3FF001C9344 /* CATransition+CMPMExtension.m */,
				DD6C4D8F249BB3FF001C9344 /* NSCharacterSet+CMPMExtension.h */,
				DD6C4D93249BB3FF001C9344 /* NSCharacterSet+CMPMExtension.m */,
				DD6C4D8C249BB3FF001C9344 /* NSDateFormatter+CMPMExtension.h */,
				DD6C4D90249BB3FF001C9344 /* NSDateFormatter+CMPMExtension.m */,
				DD6C4D95249BB3FF001C9344 /* NSString+CMPMExtension.h */,
				DD6C4D91249BB3FF001C9344 /* NSString+CMPMExtension.m */,
				DD6C4D8B249BB3FE001C9344 /* UIButton+CMPMExtension.h */,
				DD6C4D8E249BB3FF001C9344 /* UIButton+CMPMExtension.m */,
				DD6C4D92249BB3FF001C9344 /* UIColor+CMPMExtension.h */,
				DD6C4D94249BB3FF001C9344 /* UIColor+CMPMExtension.m */,
				DD6C4D99249BB400001C9344 /* UIImage+CMPMExtension.h */,
				DD6C4D98249BB400001C9344 /* UIImage+CMPMExtension.m */,
				DD6C4D9A249BB400001C9344 /* UIViewController+CMPMExtention.h */,
				DD6C4D8D249BB3FF001C9344 /* UIViewController+CMPMExtention.m */,
			);
			path = Category;
			sourceTree = "<group>";
		};
/* End PBXGroup section */

/* Begin PBXNativeTarget section */
		CD795A971D18DDDF000B7619 /* DoctorOnHand */ = {
			isa = PBXNativeTarget;
			buildConfigurationList = CD795AAF1D18DDDF000B7619 /* Build configuration list for PBXNativeTarget "DoctorOnHand" */;
			buildPhases = (
				9CEA186436AA7A5050268D84 /* [CP] Check Pods Manifest.lock */,
				CD795A941D18DDDF000B7619 /* Sources */,
				CD795A951D18DDDF000B7619 /* Frameworks */,
				CD795A961D18DDDF000B7619 /* Resources */,
				392670A8B771D88124044379 /* [CP] Copy Pods Resources */,
			);
			buildRules = (
			);
			dependencies = (
			);
			name = DoctorOnHand;
			productName = Animation;
			productReference = CD795A981D18DDDF000B7619 /* DoctorOnHand.app */;
			productType = "com.apple.product-type.application";
		};
/* End PBXNativeTarget section */

/* Begin PBXProject section */
		CD795A901D18DDDF000B7619 /* Project object */ = {
			isa = PBXProject;
			attributes = {
				CLASSPREFIX = WF;
				LastUpgradeCheck = 0720;
				ORGANIZATIONNAME = shengangneng;
				TargetAttributes = {
					CD795A971D18DDDF000B7619 = {
						CreatedOnToolsVersion = 7.2.1;
					};
				};
			};
			buildConfigurationList = CD795A931D18DDDF000B7619 /* Build configuration list for PBXProject "DoctorOnHand" */;
			compatibilityVersion = "Xcode 3.2";
			developmentRegion = English;
			hasScannedForEncodings = 0;
			knownRegions = (
				English,
				en,
				Base,
			);
			mainGroup = CD795A8F1D18DDDF000B7619;
			productRefGroup = CD795A991D18DDDF000B7619 /* Products */;
			projectDirPath = "";
			projectRoot = "";
			targets = (
				CD795A971D18DDDF000B7619 /* DoctorOnHand */,
			);
		};
/* End PBXProject section */

/* Begin PBXResourcesBuildPhase section */
		CD795A961D18DDDF000B7619 /* Resources */ = {
			isa = PBXResourcesBuildPhase;
			buildActionMask = 2147483647;
			files = (
				CD795AA81D18DDDF000B7619 /* Assets.xcassets in Resources */,
			);
			runOnlyForDeploymentPostprocessing = 0;
		};
/* End PBXResourcesBuildPhase section */

/* Begin PBXShellScriptBuildPhase section */
		392670A8B771D88124044379 /* [CP] Copy Pods Resources */ = {
			isa = PBXShellScriptBuildPhase;
			buildActionMask = 2147483647;
			files = (
			);
			inputPaths = (
				"${PODS_ROOT}/Target Support Files/Pods-DoctorOnHand/Pods-DoctorOnHand-resources.sh",
				"${PODS_ROOT}/MJRefresh/MJRefresh/MJRefresh.bundle",
			);
			name = "[CP] Copy Pods Resources";
			outputPaths = (
				"${TARGET_BUILD_DIR}/${UNLOCALIZED_RESOURCES_FOLDER_PATH}/MJRefresh.bundle",
			);
			runOnlyForDeploymentPostprocessing = 0;
			shellPath = /bin/sh;
			shellScript = "\"${PODS_ROOT}/Target Support Files/Pods-DoctorOnHand/Pods-DoctorOnHand-resources.sh\"\n";
			showEnvVarsInLog = 0;
		};
		9CEA186436AA7A5050268D84 /* [CP] Check Pods Manifest.lock */ = {
			isa = PBXShellScriptBuildPhase;
			buildActionMask = 2147483647;
			files = (
			);
			inputFileListPaths = (
			);
			inputPaths = (
				"${PODS_PODFILE_DIR_PATH}/Podfile.lock",
				"${PODS_ROOT}/Manifest.lock",
			);
			name = "[CP] Check Pods Manifest.lock";
			outputFileListPaths = (
			);
			outputPaths = (
				"$(DERIVED_FILE_DIR)/Pods-DoctorOnHand-checkManifestLockResult.txt",
			);
			runOnlyForDeploymentPostprocessing = 0;
			shellPath = /bin/sh;
			shellScript = "diff \"${PODS_PODFILE_DIR_PATH}/Podfile.lock\" \"${PODS_ROOT}/Manifest.lock\" > /dev/null\nif [ $? != 0 ] ; then\n    # print error to STDERR\n    echo \"error: The sandbox is not in sync with the Podfile.lock. Run 'pod install' or update your CocoaPods installation.\" >&2\n    exit 1\nfi\n# This output is used by Xcode 'outputs' to avoid re-running this script phase.\necho \"SUCCESS\" > \"${SCRIPT_OUTPUT_FILE_0}\"\n";
			showEnvVarsInLog = 0;
		};
/* End PBXShellScriptBuildPhase section */

/* Begin PBXSourcesBuildPhase section */
		CD795A941D18DDDF000B7619 /* Sources */ = {
			isa = PBXSourcesBuildPhase;
			buildActionMask = 2147483647;
			files = (
				DD6C4D9F249BB400001C9344 /* NSCharacterSet+CMPMExtension.m in Sources */,
				DD6C4D7A249BACD0001C9344 /* WFHomeViewController.m in Sources */,
				FEA4AEF6249B1A47006B9ABE /* WFLoginViewController.m in Sources */,
				DD6C4DA2249BB400001C9344 /* UIImage+CMPMExtension.m in Sources */,
				DD6C4DA1249BB400001C9344 /* CATransition+CMPMExtension.m in Sources */,
				CD795AA01D18DDDF000B7619 /* AppDelegate.m in Sources */,
				DD5F0469249BAC590043C2AE /* CMPMBaseViewController.m in Sources */,
				DD6C4DA4249BB4F1001C9344 /* XPRootNavigationController.m in Sources */,
				DD6C4D9B249BB400001C9344 /* UIViewController+CMPMExtention.m in Sources */,
				CD795A9D1D18DDDF000B7619 /* main.m in Sources */,
				DD6C4D9D249BB400001C9344 /* NSDateFormatter+CMPMExtension.m in Sources */,
				DD6C4D77249BACB2001C9344 /* CMPMSignatureView.m in Sources */,
				DD6C4D9E249BB400001C9344 /* NSString+CMPMExtension.m in Sources */,
				DD6C4DA0249BB400001C9344 /* UIColor+CMPMExtension.m in Sources */,
				DD6C4D76249BACB2001C9344 /* CMPMSignatureViewController.m in Sources */,
				DD6C4D9C249BB400001C9344 /* UIButton+CMPMExtension.m in Sources */,
			);
			runOnlyForDeploymentPostprocessing = 0;
		};
/* End PBXSourcesBuildPhase section */

/* Begin XCBuildConfiguration section */
		CD795AAD1D18DDDF000B7619 /* Debug */ = {
			isa = XCBuildConfiguration;
			buildSettings = {
				ALWAYS_SEARCH_USER_PATHS = NO;
				CLANG_CXX_LANGUAGE_STANDARD = "gnu++0x";
				CLANG_CXX_LIBRARY = "libc++";
				CLANG_ENABLE_MODULES = YES;
				CLANG_ENABLE_OBJC_ARC = YES;
				CLANG_WARN_BOOL_CONVERSION = YES;
				CLANG_WARN_CONSTANT_CONVERSION = YES;
				CLANG_WARN_DIRECT_OBJC_ISA_USAGE = YES_ERROR;
				CLANG_WARN_EMPTY_BODY = YES;
				CLANG_WARN_ENUM_CONVERSION = YES;
				CLANG_WARN_INT_CONVERSION = YES;
				CLANG_WARN_OBJC_ROOT_CLASS = YES_ERROR;
				CLANG_WARN_UNREACHABLE_CODE = YES;
				CLANG_WARN__DUPLICATE_METHOD_MATCH = YES;
				"CODE_SIGN_IDENTITY[sdk=iphoneos*]" = "iPhone Developer";
				COPY_PHASE_STRIP = NO;
				DEBUG_INFORMATION_FORMAT = dwarf;
				ENABLE_STRICT_OBJC_MSGSEND = YES;
				ENABLE_TESTABILITY = YES;
				GCC_C_LANGUAGE_STANDARD = gnu99;
				GCC_DYNAMIC_NO_PIC = NO;
				GCC_NO_COMMON_BLOCKS = YES;
				GCC_OPTIMIZATION_LEVEL = 0;
				GCC_PREPROCESSOR_DEFINITIONS = (
					"DEBUG=1",
					"$(inherited)",
				);
				GCC_WARN_64_TO_32_BIT_CONVERSION = YES;
				GCC_WARN_ABOUT_RETURN_TYPE = YES_ERROR;
				GCC_WARN_UNDECLARED_SELECTOR = YES;
				GCC_WARN_UNINITIALIZED_AUTOS = YES_AGGRESSIVE;
				GCC_WARN_UNUSED_FUNCTION = YES;
				GCC_WARN_UNUSED_VARIABLE = YES;
				IPHONEOS_DEPLOYMENT_TARGET = 9.2;
				MTL_ENABLE_DEBUG_INFO = YES;
				ONLY_ACTIVE_ARCH = YES;
				SDKROOT = iphoneos;
			};
			name = Debug;
		};
		CD795AAE1D18DDDF000B7619 /* Release */ = {
			isa = XCBuildConfiguration;
			buildSettings = {
				ALWAYS_SEARCH_USER_PATHS = NO;
				CLANG_CXX_LANGUAGE_STANDARD = "gnu++0x";
				CLANG_CXX_LIBRARY = "libc++";
				CLANG_ENABLE_MODULES = YES;
				CLANG_ENABLE_OBJC_ARC = YES;
				CLANG_WARN_BOOL_CONVERSION = YES;
				CLANG_WARN_CONSTANT_CONVERSION = YES;
				CLANG_WARN_DIRECT_OBJC_ISA_USAGE = YES_ERROR;
				CLANG_WARN_EMPTY_BODY = YES;
				CLANG_WARN_ENUM_CONVERSION = YES;
				CLANG_WARN_INT_CONVERSION = YES;
				CLANG_WARN_OBJC_ROOT_CLASS = YES_ERROR;
				CLANG_WARN_UNREACHABLE_CODE = YES;
				CLANG_WARN__DUPLICATE_METHOD_MATCH = YES;
				"CODE_SIGN_IDENTITY[sdk=iphoneos*]" = "iPhone Developer";
				COPY_PHASE_STRIP = NO;
				DEBUG_INFORMATION_FORMAT = "dwarf-with-dsym";
				ENABLE_NS_ASSERTIONS = NO;
				ENABLE_STRICT_OBJC_MSGSEND = YES;
				GCC_C_LANGUAGE_STANDARD = gnu99;
				GCC_NO_COMMON_BLOCKS = YES;
				GCC_WARN_64_TO_32_BIT_CONVERSION = YES;
				GCC_WARN_ABOUT_RETURN_TYPE = YES_ERROR;
				GCC_WARN_UNDECLARED_SELECTOR = YES;
				GCC_WARN_UNINITIALIZED_AUTOS = YES_AGGRESSIVE;
				GCC_WARN_UNUSED_FUNCTION = YES;
				GCC_WARN_UNUSED_VARIABLE = YES;
				IPHONEOS_DEPLOYMENT_TARGET = 9.2;
				MTL_ENABLE_DEBUG_INFO = NO;
				SDKROOT = iphoneos;
				VALIDATE_PRODUCT = YES;
			};
			name = Release;
		};
		CD795AB01D18DDDF000B7619 /* Debug */ = {
			isa = XCBuildConfiguration;
			baseConfigurationReference = C2646091207787AD70D64DC7 /* Pods-DoctorOnHand.debug.xcconfig */;
			buildSettings = {
				ASSETCATALOG_COMPILER_APPICON_NAME = AppIcon;
				GCC_PREFIX_HEADER = "$(SRCROOT)/DoctorOnHand/Globals/PrefixHeader.pch";
				INFOPLIST_FILE = "$(SRCROOT)/DoctorOnHand/SupportingFiles/Info.plist";
				IPHONEOS_DEPLOYMENT_TARGET = 9.0;
				LD_RUNPATH_SEARCH_PATHS = "$(inherited) @executable_path/Frameworks";
				MARKETING_VERSION = 1.0.0;
				PRODUCT_BUNDLE_IDENTIFIER = com.wisefly.DoctorOnHand;
				PRODUCT_NAME = "$(TARGET_NAME)";
				TARGETED_DEVICE_FAMILY = "1,2";
			};
			name = Debug;
		};
		CD795AB11D18DDDF000B7619 /* Release */ = {
			isa = XCBuildConfiguration;
			baseConfigurationReference = 653F83E6ACB345449029A4B2 /* Pods-DoctorOnHand.release.xcconfig */;
			buildSettings = {
				ASSETCATALOG_COMPILER_APPICON_NAME = AppIcon;
				GCC_PREFIX_HEADER = "$(SRCROOT)/DoctorOnHand/Globals/PrefixHeader.pch";
				INFOPLIST_FILE = "$(SRCROOT)/DoctorOnHand/SupportingFiles/Info.plist";
				IPHONEOS_DEPLOYMENT_TARGET = 9.0;
				LD_RUNPATH_SEARCH_PATHS = "$(inherited) @executable_path/Frameworks";
				MARKETING_VERSION = 1.0.0;
				PRODUCT_BUNDLE_IDENTIFIER = com.wisefly.DoctorOnHand;
				PRODUCT_NAME = "$(TARGET_NAME)";
				TARGETED_DEVICE_FAMILY = "1,2";
			};
			name = Release;
		};
/* End XCBuildConfiguration section */

/* Begin XCConfigurationList section */
		CD795A931D18DDDF000B7619 /* Build configuration list for PBXProject "DoctorOnHand" */ = {
			isa = XCConfigurationList;
			buildConfigurations = (
				CD795AAD1D18DDDF000B7619 /* Debug */,
				CD795AAE1D18DDDF000B7619 /* Release */,
			);
			defaultConfigurationIsVisible = 0;
			defaultConfigurationName = Release;
		};
		CD795AAF1D18DDDF000B7619 /* Build configuration list for PBXNativeTarget "DoctorOnHand" */ = {
			isa = XCConfigurationList;
			buildConfigurations = (
				CD795AB01D18DDDF000B7619 /* Debug */,
				CD795AB11D18DDDF000B7619 /* Release */,
			);
			defaultConfigurationIsVisible = 0;
			defaultConfigurationName = Release;
		};
/* End XCConfigurationList section */
	};
	rootObject = CD795A901D18DDDF000B7619 /* Project object */;
}
