// !$*UTF8*$!
{
	archiveVersion = 1;
	classes = {
	};
	objectVersion = 46;
	objects = {

/* Begin PBXBuildFile section */
		3D48545AA8D00A3CC1AC7BBC /* libPods-DoctorOnHand.a in Frameworks */ = {isa = PBXBuildFile; fileRef = 98F5EBAE62FC8E6C30883826 /* libPods-DoctorOnHand.a */; };
		CD795A9D1D18DDDF000B7619 /* main.m in Sources */ = {isa = PBXBuildFile; fileRef = CD795A9C1D18DDDF000B7619 /* main.m */; };
		CD795AA01D18DDDF000B7619 /* AppDelegate.m in Sources */ = {isa = PBXBuildFile; fileRef = CD795A9F1D18DDDF000B7619 /* AppDelegate.m */; };
		CD795AA81D18DDDF000B7619 /* Assets.xcassets in Resources */ = {isa = PBXBuildFile; fileRef = CD795AA71D18DDDF000B7619 /* Assets.xcassets */; };
		CDFFDBE524D0807000893F0F /* MPMProgressHUD.m in Sources */ = {isa = PBXBuildFile; fileRef = CDFFDBE424D0807000893F0F /* MPMProgressHUD.m */; };
		DD1C7BFD24A444AD004F7CEF /* WFRecordVideoViewController.m in Sources */ = {isa = PBXBuildFile; fileRef = DD1C7BFC24A444AD004F7CEF /* WFRecordVideoViewController.m */; };
		DD1C7C0024A444F4004F7CEF /* WFVideoProgress.m in Sources */ = {isa = PBXBuildFile; fileRef = DD1C7BFF24A444F4004F7CEF /* WFVideoProgress.m */; };
		DD1C7C0324A4D716004F7CEF /* WFTakePhotoViewController.m in Sources */ = {isa = PBXBuildFile; fileRef = DD1C7C0224A4D716004F7CEF /* WFTakePhotoViewController.m */; };
		DD1C7C0624A5EA8E004F7CEF /* WFBrushBoardView.m in Sources */ = {isa = PBXBuildFile; fileRef = DD1C7C0524A5EA8E004F7CEF /* WFBrushBoardView.m */; };
		DD1C7C0E24A78FB6004F7CEF /* WFSignatureLine.m in Sources */ = {isa = PBXBuildFile; fileRef = DD1C7C0D24A78FB6004F7CEF /* WFSignatureLine.m */; };
		DD1C7C1424B21073004F7CEF /* WFCommomTool.m in Sources */ = {isa = PBXBuildFile; fileRef = DD1C7C1224B21073004F7CEF /* WFCommomTool.m */; };
		DD1C7C1724B35CD1004F7CEF /* WFColorTableViewCell.m in Sources */ = {isa = PBXBuildFile; fileRef = DD1C7C1624B35CD1004F7CEF /* WFColorTableViewCell.m */; };
		DD1C7C1A24B360FB004F7CEF /* WFWidthTableViewCell.m in Sources */ = {isa = PBXBuildFile; fileRef = DD1C7C1924B360FB004F7CEF /* WFWidthTableViewCell.m */; };
		DD1C7C2B24B5FA9A004F7CEF /* WFTakePhotoPadViewController.m in Sources */ = {isa = PBXBuildFile; fileRef = DD1C7C2A24B5FA9A004F7CEF /* WFTakePhotoPadViewController.m */; };
		DD1C7C3524B609D0004F7CEF /* WFWKWebViewController.m in Sources */ = {isa = PBXBuildFile; fileRef = DD1C7C2D24B609CF004F7CEF /* WFWKWebViewController.m */; };
		DD1C7C3624B609D0004F7CEF /* WFWebViewBridge.m in Sources */ = {isa = PBXBuildFile; fileRef = DD1C7C2F24B609CF004F7CEF /* WFWebViewBridge.m */; };
		DD1C7C3724B609D0004F7CEF /* WFWebViewUIConfiguration.m in Sources */ = {isa = PBXBuildFile; fileRef = DD1C7C3124B609D0004F7CEF /* WFWebViewUIConfiguration.m */; };
		DD1C7C3C24B60A6A004F7CEF /* WFWebDefaultView.m in Sources */ = {isa = PBXBuildFile; fileRef = DD1C7C3B24B60A6A004F7CEF /* WFWebDefaultView.m */; };
		DD1C7C3F24B610C7004F7CEF /* WFCustomNavLeftButton.m in Sources */ = {isa = PBXBuildFile; fileRef = DD1C7C3D24B610C7004F7CEF /* WFCustomNavLeftButton.m */; };
		DD1C7C4224B73F9D004F7CEF /* WebResources in Resources */ = {isa = PBXBuildFile; fileRef = DD1C7C4124B73F9D004F7CEF /* WebResources */; };
		DD5F0469249BAC590043C2AE /* WFBaseViewController.m in Sources */ = {isa = PBXBuildFile; fileRef = DD5F0467249BAC590043C2AE /* WFBaseViewController.m */; };
		DD6C4D76249BACB2001C9344 /* WFSignatureViewController.m in Sources */ = {isa = PBXBuildFile; fileRef = DD6C4D74249BACB2001C9344 /* WFSignatureViewController.m */; };
		DD6C4D77249BACB2001C9344 /* WFSignatureView.m in Sources */ = {isa = PBXBuildFile; fileRef = DD6C4D75249BACB2001C9344 /* WFSignatureView.m */; };
		DD6C4D7A249BACD0001C9344 /* WFHomeViewController.m in Sources */ = {isa = PBXBuildFile; fileRef = DD6C4D79249BACD0001C9344 /* WFHomeViewController.m */; };
		DD6C4D9B249BB400001C9344 /* UIViewController+WFExtention.m in Sources */ = {isa = PBXBuildFile; fileRef = DD6C4D8D249BB3FF001C9344 /* UIViewController+WFExtention.m */; };
		DD6C4D9C249BB400001C9344 /* UIButton+WFExtension.m in Sources */ = {isa = PBXBuildFile; fileRef = DD6C4D8E249BB3FF001C9344 /* UIButton+WFExtension.m */; };
		DD6C4D9D249BB400001C9344 /* NSDateFormatter+WFExtension.m in Sources */ = {isa = PBXBuildFile; fileRef = DD6C4D90249BB3FF001C9344 /* NSDateFormatter+WFExtension.m */; };
		DD6C4D9E249BB400001C9344 /* NSString+WFExtension.m in Sources */ = {isa = PBXBuildFile; fileRef = DD6C4D91249BB3FF001C9344 /* NSString+WFExtension.m */; };
		DD6C4D9F249BB400001C9344 /* NSCharacterSet+WFExtension.m in Sources */ = {isa = PBXBuildFile; fileRef = DD6C4D93249BB3FF001C9344 /* NSCharacterSet+WFExtension.m */; };
		DD6C4DA0249BB400001C9344 /* UIColor+WFExtension.m in Sources */ = {isa = PBXBuildFile; fileRef = DD6C4D94249BB3FF001C9344 /* UIColor+WFExtension.m */; };
		DD6C4DA1249BB400001C9344 /* CATransition+WFExtension.m in Sources */ = {isa = PBXBuildFile; fileRef = DD6C4D96249BB3FF001C9344 /* CATransition+WFExtension.m */; };
		DD6C4DA2249BB400001C9344 /* UIImage+WFExtension.m in Sources */ = {isa = PBXBuildFile; fileRef = DD6C4D98249BB400001C9344 /* UIImage+WFExtension.m */; };
		DD6C4DA4249BB4F1001C9344 /* XPRootNavigationController.m in Sources */ = {isa = PBXBuildFile; fileRef = DD6C4DA3249BB4F1001C9344 /* XPRootNavigationController.m */; };
		DD6C4DAD249E4C3C001C9344 /* WFCustomNavigationBar.m in Sources */ = {isa = PBXBuildFile; fileRef = DD6C4DA5249E4C3B001C9344 /* WFCustomNavigationBar.m */; };
		DD6C4DAE249E4C3C001C9344 /* WFBaseNavigationBar.m in Sources */ = {isa = PBXBuildFile; fileRef = DD6C4DA6249E4C3B001C9344 /* WFBaseNavigationBar.m */; };
		DD6C4DAF249E4C3C001C9344 /* WFBaseNavigationController.m in Sources */ = {isa = PBXBuildFile; fileRef = DD6C4DA9249E4C3C001C9344 /* WFBaseNavigationController.m */; };
		DD6C4DB0249E4C3C001C9344 /* WFMaskBackView.m in Sources */ = {isa = PBXBuildFile; fileRef = DD6C4DAB249E4C3C001C9344 /* WFMaskBackView.m */; };
		DD6C4DB6249FA008001C9344 /* WFFileReaderViewController.m in Sources */ = {isa = PBXBuildFile; fileRef = DD6C4DB5249FA008001C9344 /* WFFileReaderViewController.m */; };
		DD6C4DB9249FA080001C9344 /* WFFileReaderTableViewCell.m in Sources */ = {isa = PBXBuildFile; fileRef = DD6C4DB8249FA080001C9344 /* WFFileReaderTableViewCell.m */; };
		DD6C4DBC249FA0A6001C9344 /* WFFileReaderModel.m in Sources */ = {isa = PBXBuildFile; fileRef = DD6C4DBB249FA0A6001C9344 /* WFFileReaderModel.m */; };
		DD6C4DC0249FA19E001C9344 /* WFFileReaderManager.m in Sources */ = {isa = PBXBuildFile; fileRef = DD6C4DBF249FA19E001C9344 /* WFFileReaderManager.m */; };
		DD6C4DC3249FA912001C9344 /* WFFileReaderTableView.m in Sources */ = {isa = PBXBuildFile; fileRef = DD6C4DC2249FA912001C9344 /* WFFileReaderTableView.m */; };
		DD6C4DC6249FAA25001C9344 /* WFFileReader.m in Sources */ = {isa = PBXBuildFile; fileRef = DD6C4DC5249FAA25001C9344 /* WFFileReader.m */; };
		DD6C4DD224A0F3D7001C9344 /* WFAVPlayerControlView.m in Sources */ = {isa = PBXBuildFile; fileRef = DD6C4DCC24A0F3D7001C9344 /* WFAVPlayerControlView.m */; };
		DD6C4DD324A0F3D7001C9344 /* WFAVPlayerSilder.m in Sources */ = {isa = PBXBuildFile; fileRef = DD6C4DCF24A0F3D7001C9344 /* WFAVPlayerSilder.m */; };
		DD6C4DD424A0F3D7001C9344 /* WFAVPlayerView.m in Sources */ = {isa = PBXBuildFile; fileRef = DD6C4DD124A0F3D7001C9344 /* WFAVPlayerView.m */; };
		DD6C4DD724A0F5FA001C9344 /* WFPlayVideoViewController.m in Sources */ = {isa = PBXBuildFile; fileRef = DD6C4DD624A0F5F9001C9344 /* WFPlayVideoViewController.m */; };
		DD6C4DD924A0F6AA001C9344 /* movie.mp4 in Resources */ = {isa = PBXBuildFile; fileRef = DD6C4DD824A0F6AA001C9344 /* movie.mp4 */; };
		DD6C4DDF24A24170001C9344 /* WFRecordVoiceHUD.m in Sources */ = {isa = PBXBuildFile; fileRef = DD6C4DDC24A24170001C9344 /* WFRecordVoiceHUD.m */; };
		DD6C4DE024A24170001C9344 /* WFRecordVoiceButton.m in Sources */ = {isa = PBXBuildFile; fileRef = DD6C4DDE24A24170001C9344 /* WFRecordVoiceButton.m */; };
		DD6C4DE324A2421C001C9344 /* WFRecordTool.m in Sources */ = {isa = PBXBuildFile; fileRef = DD6C4DE224A2421C001C9344 /* WFRecordTool.m */; };
		DD6C4DE624A2460F001C9344 /* UIView+Extention.m in Sources */ = {isa = PBXBuildFile; fileRef = DD6C4DE524A2460F001C9344 /* UIView+Extention.m */; };
		DD6C4DE924A24675001C9344 /* WFFileManager.m in Sources */ = {isa = PBXBuildFile; fileRef = DD6C4DE824A24675001C9344 /* WFFileManager.m */; };
		DD6C4DED24A246AD001C9344 /* amrFileCodec.m in Sources */ = {isa = PBXBuildFile; fileRef = DD6C4DEC24A246AD001C9344 /* amrFileCodec.m */; };
		DD6C4DF224A246C0001C9344 /* libopencore-amrwb.a in Frameworks */ = {isa = PBXBuildFile; fileRef = DD6C4DF024A246C0001C9344 /* libopencore-amrwb.a */; };
		DD6C4DF324A246C0001C9344 /* libopencore-amrnb.a in Frameworks */ = {isa = PBXBuildFile; fileRef = DD6C4DF124A246C0001C9344 /* libopencore-amrnb.a */; };
		DD6C4DFC24A25009001C9344 /* WFRecordAudioViewController.m in Sources */ = {isa = PBXBuildFile; fileRef = DD6C4DFB24A25009001C9344 /* WFRecordAudioViewController.m */; };
		DD6C4DFF24A25150001C9344 /* WFAudioPlayer.m in Sources */ = {isa = PBXBuildFile; fileRef = DD6C4DFE24A25150001C9344 /* WFAudioPlayer.m */; };
		DDE9E18724B7C92B005E453C /* WFRecordVideoPadViewController.m in Sources */ = {isa = PBXBuildFile; fileRef = DDE9E18624B7C92B005E453C /* WFRecordVideoPadViewController.m */; };
		DDE9E18A24B7E236005E453C /* WFDocumentReaderViewController.m in Sources */ = {isa = PBXBuildFile; fileRef = DDE9E18924B7E236005E453C /* WFDocumentReaderViewController.m */; };
		DDE9E18D24C08777005E453C /* WFLoginModel.m in Sources */ = {isa = PBXBuildFile; fileRef = DDE9E18C24C08777005E453C /* WFLoginModel.m */; };
		FE19468624B86D6000C1BEC1 /* WFUploadViewController.m in Sources */ = {isa = PBXBuildFile; fileRef = FE19468524B86D6000C1BEC1 /* WFUploadViewController.m */; };
		FE19468924B86D7000C1BEC1 /* Reachability.m in Sources */ = {isa = PBXBuildFile; fileRef = FE19468824B86D7000C1BEC1 /* Reachability.m */; };
		FE19468C24B86F2E00C1BEC1 /* WFResponseModel.m in Sources */ = {isa = PBXBuildFile; fileRef = FE19468B24B86F2E00C1BEC1 /* WFResponseModel.m */; };
		FE19468F24B873E100C1BEC1 /* WFNetworkManager.m in Sources */ = {isa = PBXBuildFile; fileRef = FE19468E24B873E100C1BEC1 /* WFNetworkManager.m */; };
		FE1BEE2024D01AB100A8C1A3 /* libmp3lame.a in Frameworks */ = {isa = PBXBuildFile; fileRef = FE1BEE1F24D01AB100A8C1A3 /* libmp3lame.a */; };
		FEA4AEF6249B1A47006B9ABE /* WFLoginViewController.m in Sources */ = {isa = PBXBuildFile; fileRef = FEA4AEF5249B1A47006B9ABE /* WFLoginViewController.m */; };
/* End PBXBuildFile section */

/* Begin PBXFileReference section */
		653F83E6ACB345449029A4B2 /* Pods-DoctorOnHand.release.xcconfig */ = {isa = PBXFileReference; includeInIndex = 1; lastKnownFileType = text.xcconfig; name = "Pods-DoctorOnHand.release.xcconfig"; path = "Target Support Files/Pods-DoctorOnHand/Pods-DoctorOnHand.release.xcconfig"; sourceTree = "<group>"; };
		98F5EBAE62FC8E6C30883826 /* libPods-DoctorOnHand.a */ = {isa = PBXFileReference; explicitFileType = archive.ar; includeInIndex = 0; path = "libPods-DoctorOnHand.a"; sourceTree = BUILT_PRODUCTS_DIR; };
		C2646091207787AD70D64DC7 /* Pods-DoctorOnHand.debug.xcconfig */ = {isa = PBXFileReference; includeInIndex = 1; lastKnownFileType = text.xcconfig; name = "Pods-DoctorOnHand.debug.xcconfig"; path = "Target Support Files/Pods-DoctorOnHand/Pods-DoctorOnHand.debug.xcconfig"; sourceTree = "<group>"; };
		CD795A981D18DDDF000B7619 /* 移动医生.app */ = {isa = PBXFileReference; explicitFileType = wrapper.application; includeInIndex = 0; path = "移动医生.app"; sourceTree = BUILT_PRODUCTS_DIR; };
		CD795A9C1D18DDDF000B7619 /* main.m */ = {isa = PBXFileReference; lastKnownFileType = sourcecode.c.objc; path = main.m; sourceTree = "<group>"; };
		CD795A9E1D18DDDF000B7619 /* AppDelegate.h */ = {isa = PBXFileReference; lastKnownFileType = sourcecode.c.h; path = AppDelegate.h; sourceTree = "<group>"; };
		CD795A9F1D18DDDF000B7619 /* AppDelegate.m */ = {isa = PBXFileReference; lastKnownFileType = sourcecode.c.objc; path = AppDelegate.m; sourceTree = "<group>"; };
		CD795AA71D18DDDF000B7619 /* Assets.xcassets */ = {isa = PBXFileReference; lastKnownFileType = folder.assetcatalog; path = Assets.xcassets; sourceTree = "<group>"; };
		CD795AAC1D18DDDF000B7619 /* Info.plist */ = {isa = PBXFileReference; lastKnownFileType = text.plist.xml; path = Info.plist; sourceTree = "<group>"; };
		CDFFDBE324D0806F00893F0F /* MPMProgressHUD.h */ = {isa = PBXFileReference; fileEncoding = 4; lastKnownFileType = sourcecode.c.h; path = MPMProgressHUD.h; sourceTree = "<group>"; };
		CDFFDBE424D0807000893F0F /* MPMProgressHUD.m */ = {isa = PBXFileReference; fileEncoding = 4; lastKnownFileType = sourcecode.c.objc; path = MPMProgressHUD.m; sourceTree = "<group>"; };
		DD1C7BFB24A444AD004F7CEF /* WFRecordVideoViewController.h */ = {isa = PBXFileReference; lastKnownFileType = sourcecode.c.h; path = WFRecordVideoViewController.h; sourceTree = "<group>"; };
		DD1C7BFC24A444AD004F7CEF /* WFRecordVideoViewController.m */ = {isa = PBXFileReference; lastKnownFileType = sourcecode.c.objc; path = WFRecordVideoViewController.m; sourceTree = "<group>"; };
		DD1C7BFE24A444F4004F7CEF /* WFVideoProgress.h */ = {isa = PBXFileReference; lastKnownFileType = sourcecode.c.h; path = WFVideoProgress.h; sourceTree = "<group>"; };
		DD1C7BFF24A444F4004F7CEF /* WFVideoProgress.m */ = {isa = PBXFileReference; lastKnownFileType = sourcecode.c.objc; path = WFVideoProgress.m; sourceTree = "<group>"; };
		DD1C7C0124A4D716004F7CEF /* WFTakePhotoViewController.h */ = {isa = PBXFileReference; lastKnownFileType = sourcecode.c.h; path = WFTakePhotoViewController.h; sourceTree = "<group>"; };
		DD1C7C0224A4D716004F7CEF /* WFTakePhotoViewController.m */ = {isa = PBXFileReference; lastKnownFileType = sourcecode.c.objc; path = WFTakePhotoViewController.m; sourceTree = "<group>"; };
		DD1C7C0424A5EA8E004F7CEF /* WFBrushBoardView.h */ = {isa = PBXFileReference; lastKnownFileType = sourcecode.c.h; path = WFBrushBoardView.h; sourceTree = "<group>"; };
		DD1C7C0524A5EA8E004F7CEF /* WFBrushBoardView.m */ = {isa = PBXFileReference; lastKnownFileType = sourcecode.c.objc; path = WFBrushBoardView.m; sourceTree = "<group>"; };
		DD1C7C0C24A78FB6004F7CEF /* WFSignatureLine.h */ = {isa = PBXFileReference; lastKnownFileType = sourcecode.c.h; path = WFSignatureLine.h; sourceTree = "<group>"; };
		DD1C7C0D24A78FB6004F7CEF /* WFSignatureLine.m */ = {isa = PBXFileReference; lastKnownFileType = sourcecode.c.objc; path = WFSignatureLine.m; sourceTree = "<group>"; };
		DD1C7C1224B21073004F7CEF /* WFCommomTool.m */ = {isa = PBXFileReference; fileEncoding = 4; lastKnownFileType = sourcecode.c.objc; path = WFCommomTool.m; sourceTree = "<group>"; };
		DD1C7C1324B21073004F7CEF /* WFCommomTool.h */ = {isa = PBXFileReference; fileEncoding = 4; lastKnownFileType = sourcecode.c.h; path = WFCommomTool.h; sourceTree = "<group>"; };
		DD1C7C1524B35CD1004F7CEF /* WFColorTableViewCell.h */ = {isa = PBXFileReference; lastKnownFileType = sourcecode.c.h; path = WFColorTableViewCell.h; sourceTree = "<group>"; };
		DD1C7C1624B35CD1004F7CEF /* WFColorTableViewCell.m */ = {isa = PBXFileReference; lastKnownFileType = sourcecode.c.objc; path = WFColorTableViewCell.m; sourceTree = "<group>"; };
		DD1C7C1824B360FB004F7CEF /* WFWidthTableViewCell.h */ = {isa = PBXFileReference; lastKnownFileType = sourcecode.c.h; path = WFWidthTableViewCell.h; sourceTree = "<group>"; };
		DD1C7C1924B360FB004F7CEF /* WFWidthTableViewCell.m */ = {isa = PBXFileReference; lastKnownFileType = sourcecode.c.objc; path = WFWidthTableViewCell.m; sourceTree = "<group>"; };
		DD1C7C2924B5FA9A004F7CEF /* WFTakePhotoPadViewController.h */ = {isa = PBXFileReference; lastKnownFileType = sourcecode.c.h; path = WFTakePhotoPadViewController.h; sourceTree = "<group>"; };
		DD1C7C2A24B5FA9A004F7CEF /* WFTakePhotoPadViewController.m */ = {isa = PBXFileReference; lastKnownFileType = sourcecode.c.objc; path = WFTakePhotoPadViewController.m; sourceTree = "<group>"; };
		DD1C7C2C24B609CF004F7CEF /* WFWebViewConst.h */ = {isa = PBXFileReference; fileEncoding = 4; lastKnownFileType = sourcecode.c.h; path = WFWebViewConst.h; sourceTree = "<group>"; };
		DD1C7C2D24B609CF004F7CEF /* WFWKWebViewController.m */ = {isa = PBXFileReference; fileEncoding = 4; lastKnownFileType = sourcecode.c.objc; path = WFWKWebViewController.m; sourceTree = "<group>"; };
		DD1C7C2E24B609CF004F7CEF /* WFWebViewBridge.h */ = {isa = PBXFileReference; fileEncoding = 4; lastKnownFileType = sourcecode.c.h; path = WFWebViewBridge.h; sourceTree = "<group>"; };
		DD1C7C2F24B609CF004F7CEF /* WFWebViewBridge.m */ = {isa = PBXFileReference; fileEncoding = 4; lastKnownFileType = sourcecode.c.objc; path = WFWebViewBridge.m; sourceTree = "<group>"; };
		DD1C7C3024B609D0004F7CEF /* WFWebViewUIConfiguration.h */ = {isa = PBXFileReference; fileEncoding = 4; lastKnownFileType = sourcecode.c.h; path = WFWebViewUIConfiguration.h; sourceTree = "<group>"; };
		DD1C7C3124B609D0004F7CEF /* WFWebViewUIConfiguration.m */ = {isa = PBXFileReference; fileEncoding = 4; lastKnownFileType = sourcecode.c.objc; path = WFWebViewUIConfiguration.m; sourceTree = "<group>"; };
		DD1C7C3224B609D0004F7CEF /* WFWKWebViewController.h */ = {isa = PBXFileReference; fileEncoding = 4; lastKnownFileType = sourcecode.c.h; path = WFWKWebViewController.h; sourceTree = "<group>"; };
		DD1C7C3A24B60A6A004F7CEF /* WFWebDefaultView.h */ = {isa = PBXFileReference; fileEncoding = 4; lastKnownFileType = sourcecode.c.h; path = WFWebDefaultView.h; sourceTree = "<group>"; };
		DD1C7C3B24B60A6A004F7CEF /* WFWebDefaultView.m */ = {isa = PBXFileReference; fileEncoding = 4; lastKnownFileType = sourcecode.c.objc; path = WFWebDefaultView.m; sourceTree = "<group>"; };
		DD1C7C3D24B610C7004F7CEF /* WFCustomNavLeftButton.m */ = {isa = PBXFileReference; fileEncoding = 4; lastKnownFileType = sourcecode.c.objc; path = WFCustomNavLeftButton.m; sourceTree = "<group>"; };
		DD1C7C3E24B610C7004F7CEF /* WFCustomNavLeftButton.h */ = {isa = PBXFileReference; fileEncoding = 4; lastKnownFileType = sourcecode.c.h; path = WFCustomNavLeftButton.h; sourceTree = "<group>"; };
		DD1C7C4124B73F9D004F7CEF /* WebResources */ = {isa = PBXFileReference; lastKnownFileType = folder; path = WebResources; sourceTree = "<group>"; };
		DD5F045C249BA8240043C2AE /* ColorHelper.h */ = {isa = PBXFileReference; fileEncoding = 4; lastKnownFileType = sourcecode.c.h; path = ColorHelper.h; sourceTree = "<group>"; };
		DD5F045E249BA8240043C2AE /* Constant.h */ = {isa = PBXFileReference; fileEncoding = 4; lastKnownFileType = sourcecode.c.h; path = Constant.h; sourceTree = "<group>"; };
		DD5F045F249BA8240043C2AE /* UserDefaultKey.h */ = {isa = PBXFileReference; fileEncoding = 4; lastKnownFileType = sourcecode.c.h; path = UserDefaultKey.h; sourceTree = "<group>"; };
		DD5F0467249BAC590043C2AE /* WFBaseViewController.m */ = {isa = PBXFileReference; fileEncoding = 4; lastKnownFileType = sourcecode.c.objc; path = WFBaseViewController.m; sourceTree = "<group>"; };
		DD5F0468249BAC590043C2AE /* WFBaseViewController.h */ = {isa = PBXFileReference; fileEncoding = 4; lastKnownFileType = sourcecode.c.h; path = WFBaseViewController.h; sourceTree = "<group>"; };
		DD6C4D72249BACB2001C9344 /* WFSignatureViewController.h */ = {isa = PBXFileReference; fileEncoding = 4; lastKnownFileType = sourcecode.c.h; path = WFSignatureViewController.h; sourceTree = "<group>"; };
		DD6C4D73249BACB2001C9344 /* WFSignatureView.h */ = {isa = PBXFileReference; fileEncoding = 4; lastKnownFileType = sourcecode.c.h; path = WFSignatureView.h; sourceTree = "<group>"; };
		DD6C4D74249BACB2001C9344 /* WFSignatureViewController.m */ = {isa = PBXFileReference; fileEncoding = 4; lastKnownFileType = sourcecode.c.objc; path = WFSignatureViewController.m; sourceTree = "<group>"; };
		DD6C4D75249BACB2001C9344 /* WFSignatureView.m */ = {isa = PBXFileReference; fileEncoding = 4; lastKnownFileType = sourcecode.c.objc; path = WFSignatureView.m; sourceTree = "<group>"; };
		DD6C4D78249BACD0001C9344 /* WFHomeViewController.h */ = {isa = PBXFileReference; lastKnownFileType = sourcecode.c.h; path = WFHomeViewController.h; sourceTree = "<group>"; };
		DD6C4D79249BACD0001C9344 /* WFHomeViewController.m */ = {isa = PBXFileReference; lastKnownFileType = sourcecode.c.objc; path = WFHomeViewController.m; sourceTree = "<group>"; };
		DD6C4D8B249BB3FE001C9344 /* UIButton+WFExtension.h */ = {isa = PBXFileReference; fileEncoding = 4; lastKnownFileType = sourcecode.c.h; path = "UIButton+WFExtension.h"; sourceTree = "<group>"; };
		DD6C4D8C249BB3FF001C9344 /* NSDateFormatter+WFExtension.h */ = {isa = PBXFileReference; fileEncoding = 4; lastKnownFileType = sourcecode.c.h; path = "NSDateFormatter+WFExtension.h"; sourceTree = "<group>"; };
		DD6C4D8D249BB3FF001C9344 /* UIViewController+WFExtention.m */ = {isa = PBXFileReference; fileEncoding = 4; lastKnownFileType = sourcecode.c.objc; path = "UIViewController+WFExtention.m"; sourceTree = "<group>"; };
		DD6C4D8E249BB3FF001C9344 /* UIButton+WFExtension.m */ = {isa = PBXFileReference; fileEncoding = 4; lastKnownFileType = sourcecode.c.objc; path = "UIButton+WFExtension.m"; sourceTree = "<group>"; };
		DD6C4D8F249BB3FF001C9344 /* NSCharacterSet+WFExtension.h */ = {isa = PBXFileReference; fileEncoding = 4; lastKnownFileType = sourcecode.c.h; path = "NSCharacterSet+WFExtension.h"; sourceTree = "<group>"; };
		DD6C4D90249BB3FF001C9344 /* NSDateFormatter+WFExtension.m */ = {isa = PBXFileReference; fileEncoding = 4; lastKnownFileType = sourcecode.c.objc; path = "NSDateFormatter+WFExtension.m"; sourceTree = "<group>"; };
		DD6C4D91249BB3FF001C9344 /* NSString+WFExtension.m */ = {isa = PBXFileReference; fileEncoding = 4; lastKnownFileType = sourcecode.c.objc; path = "NSString+WFExtension.m"; sourceTree = "<group>"; };
		DD6C4D92249BB3FF001C9344 /* UIColor+WFExtension.h */ = {isa = PBXFileReference; fileEncoding = 4; lastKnownFileType = sourcecode.c.h; path = "UIColor+WFExtension.h"; sourceTree = "<group>"; };
		DD6C4D93249BB3FF001C9344 /* NSCharacterSet+WFExtension.m */ = {isa = PBXFileReference; fileEncoding = 4; lastKnownFileType = sourcecode.c.objc; path = "NSCharacterSet+WFExtension.m"; sourceTree = "<group>"; };
		DD6C4D94249BB3FF001C9344 /* UIColor+WFExtension.m */ = {isa = PBXFileReference; fileEncoding = 4; lastKnownFileType = sourcecode.c.objc; path = "UIColor+WFExtension.m"; sourceTree = "<group>"; };
		DD6C4D95249BB3FF001C9344 /* NSString+WFExtension.h */ = {isa = PBXFileReference; fileEncoding = 4; lastKnownFileType = sourcecode.c.h; path = "NSString+WFExtension.h"; sourceTree = "<group>"; };
		DD6C4D96249BB3FF001C9344 /* CATransition+WFExtension.m */ = {isa = PBXFileReference; fileEncoding = 4; lastKnownFileType = sourcecode.c.objc; path = "CATransition+WFExtension.m"; sourceTree = "<group>"; };
		DD6C4D97249BB3FF001C9344 /* CATransition+WFExtension.h */ = {isa = PBXFileReference; fileEncoding = 4; lastKnownFileType = sourcecode.c.h; path = "CATransition+WFExtension.h"; sourceTree = "<group>"; };
		DD6C4D98249BB400001C9344 /* UIImage+WFExtension.m */ = {isa = PBXFileReference; fileEncoding = 4; lastKnownFileType = sourcecode.c.objc; path = "UIImage+WFExtension.m"; sourceTree = "<group>"; };
		DD6C4D99249BB400001C9344 /* UIImage+WFExtension.h */ = {isa = PBXFileReference; fileEncoding = 4; lastKnownFileType = sourcecode.c.h; path = "UIImage+WFExtension.h"; sourceTree = "<group>"; };
		DD6C4D9A249BB400001C9344 /* UIViewController+WFExtention.h */ = {isa = PBXFileReference; fileEncoding = 4; lastKnownFileType = sourcecode.c.h; path = "UIViewController+WFExtention.h"; sourceTree = "<group>"; };
		DD6C4DA3249BB4F1001C9344 /* XPRootNavigationController.m */ = {isa = PBXFileReference; fileEncoding = 4; lastKnownFileType = sourcecode.c.objc; path = XPRootNavigationController.m; sourceTree = "<group>"; };
		DD6C4DA5249E4C3B001C9344 /* WFCustomNavigationBar.m */ = {isa = PBXFileReference; fileEncoding = 4; lastKnownFileType = sourcecode.c.objc; path = WFCustomNavigationBar.m; sourceTree = "<group>"; };
		DD6C4DA6249E4C3B001C9344 /* WFBaseNavigationBar.m */ = {isa = PBXFileReference; fileEncoding = 4; lastKnownFileType = sourcecode.c.objc; path = WFBaseNavigationBar.m; sourceTree = "<group>"; };
		DD6C4DA7249E4C3B001C9344 /* WFBaseNavigationBar.h */ = {isa = PBXFileReference; fileEncoding = 4; lastKnownFileType = sourcecode.c.h; path = WFBaseNavigationBar.h; sourceTree = "<group>"; };
		DD6C4DA8249E4C3C001C9344 /* WFMaskBackView.h */ = {isa = PBXFileReference; fileEncoding = 4; lastKnownFileType = sourcecode.c.h; path = WFMaskBackView.h; sourceTree = "<group>"; };
		DD6C4DA9249E4C3C001C9344 /* WFBaseNavigationController.m */ = {isa = PBXFileReference; fileEncoding = 4; lastKnownFileType = sourcecode.c.objc; path = WFBaseNavigationController.m; sourceTree = "<group>"; };
		DD6C4DAA249E4C3C001C9344 /* WFCustomNavigationBar.h */ = {isa = PBXFileReference; fileEncoding = 4; lastKnownFileType = sourcecode.c.h; path = WFCustomNavigationBar.h; sourceTree = "<group>"; };
		DD6C4DAB249E4C3C001C9344 /* WFMaskBackView.m */ = {isa = PBXFileReference; fileEncoding = 4; lastKnownFileType = sourcecode.c.objc; path = WFMaskBackView.m; sourceTree = "<group>"; };
		DD6C4DAC249E4C3C001C9344 /* WFBaseNavigationController.h */ = {isa = PBXFileReference; fileEncoding = 4; lastKnownFileType = sourcecode.c.h; path = WFBaseNavigationController.h; sourceTree = "<group>"; };
		DD6C4DB1249E4CC2001C9344 /* XPRootNavigationController.h */ = {isa = PBXFileReference; fileEncoding = 4; lastKnownFileType = sourcecode.c.h; path = XPRootNavigationController.h; sourceTree = "<group>"; };
		DD6C4DB4249FA008001C9344 /* WFFileReaderViewController.h */ = {isa = PBXFileReference; lastKnownFileType = sourcecode.c.h; path = WFFileReaderViewController.h; sourceTree = "<group>"; };
		DD6C4DB5249FA008001C9344 /* WFFileReaderViewController.m */ = {isa = PBXFileReference; lastKnownFileType = sourcecode.c.objc; path = WFFileReaderViewController.m; sourceTree = "<group>"; };
		DD6C4DB7249FA080001C9344 /* WFFileReaderTableViewCell.h */ = {isa = PBXFileReference; lastKnownFileType = sourcecode.c.h; path = WFFileReaderTableViewCell.h; sourceTree = "<group>"; };
		DD6C4DB8249FA080001C9344 /* WFFileReaderTableViewCell.m */ = {isa = PBXFileReference; lastKnownFileType = sourcecode.c.objc; path = WFFileReaderTableViewCell.m; sourceTree = "<group>"; };
		DD6C4DBA249FA0A6001C9344 /* WFFileReaderModel.h */ = {isa = PBXFileReference; lastKnownFileType = sourcecode.c.h; path = WFFileReaderModel.h; sourceTree = "<group>"; };
		DD6C4DBB249FA0A6001C9344 /* WFFileReaderModel.m */ = {isa = PBXFileReference; lastKnownFileType = sourcecode.c.objc; path = WFFileReaderModel.m; sourceTree = "<group>"; };
		DD6C4DBD249FA0F5001C9344 /* WFFileReaderConst.h */ = {isa = PBXFileReference; lastKnownFileType = sourcecode.c.h; path = WFFileReaderConst.h; sourceTree = "<group>"; };
		DD6C4DBE249FA19E001C9344 /* WFFileReaderManager.h */ = {isa = PBXFileReference; lastKnownFileType = sourcecode.c.h; path = WFFileReaderManager.h; sourceTree = "<group>"; };
		DD6C4DBF249FA19E001C9344 /* WFFileReaderManager.m */ = {isa = PBXFileReference; lastKnownFileType = sourcecode.c.objc; path = WFFileReaderManager.m; sourceTree = "<group>"; };
		DD6C4DC1249FA912001C9344 /* WFFileReaderTableView.h */ = {isa = PBXFileReference; lastKnownFileType = sourcecode.c.h; path = WFFileReaderTableView.h; sourceTree = "<group>"; };
		DD6C4DC2249FA912001C9344 /* WFFileReaderTableView.m */ = {isa = PBXFileReference; lastKnownFileType = sourcecode.c.objc; path = WFFileReaderTableView.m; sourceTree = "<group>"; };
		DD6C4DC4249FAA25001C9344 /* WFFileReader.h */ = {isa = PBXFileReference; lastKnownFileType = sourcecode.c.h; path = WFFileReader.h; sourceTree = "<group>"; };
		DD6C4DC5249FAA25001C9344 /* WFFileReader.m */ = {isa = PBXFileReference; lastKnownFileType = sourcecode.c.objc; path = WFFileReader.m; sourceTree = "<group>"; };
		DD6C4DCC24A0F3D7001C9344 /* WFAVPlayerControlView.m */ = {isa = PBXFileReference; fileEncoding = 4; lastKnownFileType = sourcecode.c.objc; path = WFAVPlayerControlView.m; sourceTree = "<group>"; };
		DD6C4DCD24A0F3D7001C9344 /* WFAVPlayerControlView.h */ = {isa = PBXFileReference; fileEncoding = 4; lastKnownFileType = sourcecode.c.h; path = WFAVPlayerControlView.h; sourceTree = "<group>"; };
		DD6C4DCE24A0F3D7001C9344 /* WFAVPlayerSilder.h */ = {isa = PBXFileReference; fileEncoding = 4; lastKnownFileType = sourcecode.c.h; path = WFAVPlayerSilder.h; sourceTree = "<group>"; };
		DD6C4DCF24A0F3D7001C9344 /* WFAVPlayerSilder.m */ = {isa = PBXFileReference; fileEncoding = 4; lastKnownFileType = sourcecode.c.objc; path = WFAVPlayerSilder.m; sourceTree = "<group>"; };
		DD6C4DD024A0F3D7001C9344 /* WFAVPlayerView.h */ = {isa = PBXFileReference; fileEncoding = 4; lastKnownFileType = sourcecode.c.h; path = WFAVPlayerView.h; sourceTree = "<group>"; };
		DD6C4DD124A0F3D7001C9344 /* WFAVPlayerView.m */ = {isa = PBXFileReference; fileEncoding = 4; lastKnownFileType = sourcecode.c.objc; path = WFAVPlayerView.m; sourceTree = "<group>"; };
		DD6C4DD524A0F5F9001C9344 /* WFPlayVideoViewController.h */ = {isa = PBXFileReference; lastKnownFileType = sourcecode.c.h; path = WFPlayVideoViewController.h; sourceTree = "<group>"; };
		DD6C4DD624A0F5F9001C9344 /* WFPlayVideoViewController.m */ = {isa = PBXFileReference; lastKnownFileType = sourcecode.c.objc; path = WFPlayVideoViewController.m; sourceTree = "<group>"; };
		DD6C4DD824A0F6AA001C9344 /* movie.mp4 */ = {isa = PBXFileReference; lastKnownFileType = file; path = movie.mp4; sourceTree = "<group>"; };
		DD6C4DDB24A24170001C9344 /* WFRecordVoiceButton.h */ = {isa = PBXFileReference; fileEncoding = 4; lastKnownFileType = sourcecode.c.h; path = WFRecordVoiceButton.h; sourceTree = "<group>"; };
		DD6C4DDC24A24170001C9344 /* WFRecordVoiceHUD.m */ = {isa = PBXFileReference; fileEncoding = 4; lastKnownFileType = sourcecode.c.objc; path = WFRecordVoiceHUD.m; sourceTree = "<group>"; };
		DD6C4DDD24A24170001C9344 /* WFRecordVoiceHUD.h */ = {isa = PBXFileReference; fileEncoding = 4; lastKnownFileType = sourcecode.c.h; path = WFRecordVoiceHUD.h; sourceTree = "<group>"; };
		DD6C4DDE24A24170001C9344 /* WFRecordVoiceButton.m */ = {isa = PBXFileReference; fileEncoding = 4; lastKnownFileType = sourcecode.c.objc; path = WFRecordVoiceButton.m; sourceTree = "<group>"; };
		DD6C4DE124A2421C001C9344 /* WFRecordTool.h */ = {isa = PBXFileReference; fileEncoding = 4; lastKnownFileType = sourcecode.c.h; path = WFRecordTool.h; sourceTree = "<group>"; };
		DD6C4DE224A2421C001C9344 /* WFRecordTool.m */ = {isa = PBXFileReference; fileEncoding = 4; lastKnownFileType = sourcecode.c.objc; path = WFRecordTool.m; sourceTree = "<group>"; };
		DD6C4DE424A2460F001C9344 /* UIView+Extention.h */ = {isa = PBXFileReference; fileEncoding = 4; lastKnownFileType = sourcecode.c.h; path = "UIView+Extention.h"; sourceTree = "<group>"; };
		DD6C4DE524A2460F001C9344 /* UIView+Extention.m */ = {isa = PBXFileReference; fileEncoding = 4; lastKnownFileType = sourcecode.c.objc; path = "UIView+Extention.m"; sourceTree = "<group>"; };
		DD6C4DE724A24675001C9344 /* WFFileManager.h */ = {isa = PBXFileReference; fileEncoding = 4; lastKnownFileType = sourcecode.c.h; path = WFFileManager.h; sourceTree = "<group>"; };
		DD6C4DE824A24675001C9344 /* WFFileManager.m */ = {isa = PBXFileReference; fileEncoding = 4; lastKnownFileType = sourcecode.c.objc; path = WFFileManager.m; sourceTree = "<group>"; };
		DD6C4DEB24A246A8001C9344 /* amrFileCodec.h */ = {isa = PBXFileReference; lastKnownFileType = sourcecode.c.h; path = amrFileCodec.h; sourceTree = "<group>"; };
		DD6C4DEC24A246AD001C9344 /* amrFileCodec.m */ = {isa = PBXFileReference; fileEncoding = 4; lastKnownFileType = sourcecode.c.objc; path = amrFileCodec.m; sourceTree = "<group>"; };
		DD6C4DF024A246C0001C9344 /* libopencore-amrwb.a */ = {isa = PBXFileReference; lastKnownFileType = archive.ar; path = "libopencore-amrwb.a"; sourceTree = "<group>"; };
		DD6C4DF124A246C0001C9344 /* libopencore-amrnb.a */ = {isa = PBXFileReference; lastKnownFileType = archive.ar; path = "libopencore-amrnb.a"; sourceTree = "<group>"; };
		DD6C4DF524A246D5001C9344 /* if_rom.h */ = {isa = PBXFileReference; lastKnownFileType = sourcecode.c.h; path = if_rom.h; sourceTree = "<group>"; };
		DD6C4DF624A246D5001C9344 /* dec_if.h */ = {isa = PBXFileReference; lastKnownFileType = sourcecode.c.h; path = dec_if.h; sourceTree = "<group>"; };
		DD6C4DF824A246E7001C9344 /* interf_enc.h */ = {isa = PBXFileReference; lastKnownFileType = sourcecode.c.h; path = interf_enc.h; sourceTree = "<group>"; };
		DD6C4DF924A246E7001C9344 /* interf_dec.h */ = {isa = PBXFileReference; lastKnownFileType = sourcecode.c.h; path = interf_dec.h; sourceTree = "<group>"; };
		DD6C4DFA24A25009001C9344 /* WFRecordAudioViewController.h */ = {isa = PBXFileReference; lastKnownFileType = sourcecode.c.h; path = WFRecordAudioViewController.h; sourceTree = "<group>"; };
		DD6C4DFB24A25009001C9344 /* WFRecordAudioViewController.m */ = {isa = PBXFileReference; lastKnownFileType = sourcecode.c.objc; path = WFRecordAudioViewController.m; sourceTree = "<group>"; };
		DD6C4DFD24A2514F001C9344 /* WFAudioPlayer.h */ = {isa = PBXFileReference; fileEncoding = 4; lastKnownFileType = sourcecode.c.h; path = WFAudioPlayer.h; sourceTree = "<group>"; };
		DD6C4DFE24A25150001C9344 /* WFAudioPlayer.m */ = {isa = PBXFileReference; fileEncoding = 4; lastKnownFileType = sourcecode.c.objc; path = WFAudioPlayer.m; sourceTree = "<group>"; };
		DDE9E18524B7C92B005E453C /* WFRecordVideoPadViewController.h */ = {isa = PBXFileReference; lastKnownFileType = sourcecode.c.h; path = WFRecordVideoPadViewController.h; sourceTree = "<group>"; };
		DDE9E18624B7C92B005E453C /* WFRecordVideoPadViewController.m */ = {isa = PBXFileReference; lastKnownFileType = sourcecode.c.objc; path = WFRecordVideoPadViewController.m; sourceTree = "<group>"; };
		DDE9E18824B7E236005E453C /* WFDocumentReaderViewController.h */ = {isa = PBXFileReference; lastKnownFileType = sourcecode.c.h; path = WFDocumentReaderViewController.h; sourceTree = "<group>"; };
		DDE9E18924B7E236005E453C /* WFDocumentReaderViewController.m */ = {isa = PBXFileReference; lastKnownFileType = sourcecode.c.objc; path = WFDocumentReaderViewController.m; sourceTree = "<group>"; };
		DDE9E18B24C08777005E453C /* WFLoginModel.h */ = {isa = PBXFileReference; lastKnownFileType = sourcecode.c.h; path = WFLoginModel.h; sourceTree = "<group>"; };
		DDE9E18C24C08777005E453C /* WFLoginModel.m */ = {isa = PBXFileReference; lastKnownFileType = sourcecode.c.objc; path = WFLoginModel.m; sourceTree = "<group>"; };
		FE19468424B86D5F00C1BEC1 /* WFUploadViewController.h */ = {isa = PBXFileReference; fileEncoding = 4; lastKnownFileType = sourcecode.c.h; path = WFUploadViewController.h; sourceTree = "<group>"; };
		FE19468524B86D6000C1BEC1 /* WFUploadViewController.m */ = {isa = PBXFileReference; fileEncoding = 4; lastKnownFileType = sourcecode.c.objc; path = WFUploadViewController.m; sourceTree = "<group>"; };
		FE19468724B86D7000C1BEC1 /* Reachability.h */ = {isa = PBXFileReference; fileEncoding = 4; lastKnownFileType = sourcecode.c.h; path = Reachability.h; sourceTree = "<group>"; };
		FE19468824B86D7000C1BEC1 /* Reachability.m */ = {isa = PBXFileReference; fileEncoding = 4; lastKnownFileType = sourcecode.c.objc; path = Reachability.m; sourceTree = "<group>"; };
		FE19468A24B86F2E00C1BEC1 /* WFResponseModel.h */ = {isa = PBXFileReference; fileEncoding = 4; lastKnownFileType = sourcecode.c.h; path = WFResponseModel.h; sourceTree = "<group>"; };
		FE19468B24B86F2E00C1BEC1 /* WFResponseModel.m */ = {isa = PBXFileReference; fileEncoding = 4; lastKnownFileType = sourcecode.c.objc; path = WFResponseModel.m; sourceTree = "<group>"; };
		FE19468D24B873E100C1BEC1 /* WFNetworkManager.h */ = {isa = PBXFileReference; fileEncoding = 4; lastKnownFileType = sourcecode.c.h; path = WFNetworkManager.h; sourceTree = "<group>"; };
		FE19468E24B873E100C1BEC1 /* WFNetworkManager.m */ = {isa = PBXFileReference; fileEncoding = 4; lastKnownFileType = sourcecode.c.objc; path = WFNetworkManager.m; sourceTree = "<group>"; };
		FE1BEE1E24D01AB100A8C1A3 /* lame.h */ = {isa = PBXFileReference; fileEncoding = 4; lastKnownFileType = sourcecode.c.h; path = lame.h; sourceTree = "<group>"; };
		FE1BEE1F24D01AB100A8C1A3 /* libmp3lame.a */ = {isa = PBXFileReference; lastKnownFileType = archive.ar; path = libmp3lame.a; sourceTree = "<group>"; };
		FEA4AEF4249B1A47006B9ABE /* WFLoginViewController.h */ = {isa = PBXFileReference; lastKnownFileType = sourcecode.c.h; path = WFLoginViewController.h; sourceTree = "<group>"; };
		FEA4AEF5249B1A47006B9ABE /* WFLoginViewController.m */ = {isa = PBXFileReference; lastKnownFileType = sourcecode.c.objc; path = WFLoginViewController.m; sourceTree = "<group>"; };
		FEA4AEF7249B4B7B006B9ABE /* PrefixHeader.pch */ = {isa = PBXFileReference; lastKnownFileType = sourcecode.c.h; path = PrefixHeader.pch; sourceTree = "<group>"; };
/* End PBXFileReference section */

/* Begin PBXFrameworksBuildPhase section */
		CD795A951D18DDDF000B7619 /* Frameworks */ = {
			isa = PBXFrameworksBuildPhase;
			buildActionMask = 2147483647;
			files = (
				DD6C4DF224A246C0001C9344 /* libopencore-amrwb.a in Frameworks */,
				FE1BEE2024D01AB100A8C1A3 /* libmp3lame.a in Frameworks */,
				DD6C4DF324A246C0001C9344 /* libopencore-amrnb.a in Frameworks */,
				3D48545AA8D00A3CC1AC7BBC /* libPods-DoctorOnHand.a in Frameworks */,
			);
			runOnlyForDeploymentPostprocessing = 0;
		};
/* End PBXFrameworksBuildPhase section */

/* Begin PBXGroup section */
		809E8D27E85B5836B262715E /* Frameworks */ = {
			isa = PBXGroup;
			children = (
				98F5EBAE62FC8E6C30883826 /* libPods-DoctorOnHand.a */,
			);
			name = Frameworks;
			sourceTree = "<group>";
		};
		CD795A8F1D18DDDF000B7619 = {
			isa = PBXGroup;
			children = (
				DD1C7C4124B73F9D004F7CEF /* WebResources */,
				CD795A9A1D18DDDF000B7619 /* DoctorOnHand */,
				CD795A991D18DDDF000B7619 /* Products */,
				DA9C5F5F1AC4E5EE953C2E0D /* Pods */,
				809E8D27E85B5836B262715E /* Frameworks */,
			);
			sourceTree = "<group>";
		};
		CD795A991D18DDDF000B7619 /* Products */ = {
			isa = PBXGroup;
			children = (
				CD795A981D18DDDF000B7619 /* 移动医生.app */,
			);
			name = Products;
			sourceTree = "<group>";
		};
		CD795A9A1D18DDDF000B7619 /* DoctorOnHand */ = {
			isa = PBXGroup;
			children = (
				CD795A9E1D18DDDF000B7619 /* AppDelegate.h */,
				CD795A9F1D18DDDF000B7619 /* AppDelegate.m */,
				DD6C4D7C249BAD0F001C9344 /* ViewControllers */,
				DD6C4D7B249BACF5001C9344 /* BaseClass */,
				DD6C4D7D249BAD24001C9344 /* Utils */,
				DD6C4D8A249BB3E8001C9344 /* Category */,
				DD6C4D88249BADB9001C9344 /* Globals */,
				DD6C4D89249BADC9001C9344 /* SupportingFiles */,
			);
			path = DoctorOnHand;
			sourceTree = "<group>";
		};
		DA9C5F5F1AC4E5EE953C2E0D /* Pods */ = {
			isa = PBXGroup;
			children = (
				C2646091207787AD70D64DC7 /* Pods-DoctorOnHand.debug.xcconfig */,
				653F83E6ACB345449029A4B2 /* Pods-DoctorOnHand.release.xcconfig */,
			);
			path = Pods;
			sourceTree = "<group>";
		};
		DD1C7BF924A44479004F7CEF /* 拍照 */ = {
			isa = PBXGroup;
			children = (
				DD1C7C0124A4D716004F7CEF /* WFTakePhotoViewController.h */,
				DD1C7C0224A4D716004F7CEF /* WFTakePhotoViewController.m */,
				DD1C7C2924B5FA9A004F7CEF /* WFTakePhotoPadViewController.h */,
				DD1C7C2A24B5FA9A004F7CEF /* WFTakePhotoPadViewController.m */,
			);
			path = "拍照";
			sourceTree = "<group>";
		};
		DD1C7BFA24A44480004F7CEF /* 录像 */ = {
			isa = PBXGroup;
			children = (
				DD1C7BFB24A444AD004F7CEF /* WFRecordVideoViewController.h */,
				DD1C7BFC24A444AD004F7CEF /* WFRecordVideoViewController.m */,
				DDE9E18524B7C92B005E453C /* WFRecordVideoPadViewController.h */,
				DDE9E18624B7C92B005E453C /* WFRecordVideoPadViewController.m */,
				DD1C7BFE24A444F4004F7CEF /* WFVideoProgress.h */,
				DD1C7BFF24A444F4004F7CEF /* WFVideoProgress.m */,
			);
			path = "录像";
			sourceTree = "<group>";
		};
		DD1C7C1B24B5BBDA004F7CEF /* WebView */ = {
			isa = PBXGroup;
			children = (
				DD1C7C3924B60A55004F7CEF /* Views */,
				DD1C7C3224B609D0004F7CEF /* WFWKWebViewController.h */,
				DD1C7C2D24B609CF004F7CEF /* WFWKWebViewController.m */,
				DD1C7C2E24B609CF004F7CEF /* WFWebViewBridge.h */,
				DD1C7C2F24B609CF004F7CEF /* WFWebViewBridge.m */,
				DD1C7C2C24B609CF004F7CEF /* WFWebViewConst.h */,
				DD1C7C3024B609D0004F7CEF /* WFWebViewUIConfiguration.h */,
				DD1C7C3124B609D0004F7CEF /* WFWebViewUIConfiguration.m */,
			);
			path = WebView;
			sourceTree = "<group>";
		};
		DD1C7C3924B60A55004F7CEF /* Views */ = {
			isa = PBXGroup;
			children = (
				DD1C7C3E24B610C7004F7CEF /* WFCustomNavLeftButton.h */,
				DD1C7C3D24B610C7004F7CEF /* WFCustomNavLeftButton.m */,
				DD1C7C3A24B60A6A004F7CEF /* WFWebDefaultView.h */,
				DD1C7C3B24B60A6A004F7CEF /* WFWebDefaultView.m */,
			);
			path = Views;
			sourceTree = "<group>";
		};
		DD6C4D7B249BACF5001C9344 /* BaseClass */ = {
			isa = PBXGroup;
			children = (
				DD6C4DB1249E4CC2001C9344 /* XPRootNavigationController.h */,
				DD6C4DA3249BB4F1001C9344 /* XPRootNavigationController.m */,
				DD5F0468249BAC590043C2AE /* WFBaseViewController.h */,
				DD5F0467249BAC590043C2AE /* WFBaseViewController.m */,
				DD6C4DA7249E4C3B001C9344 /* WFBaseNavigationBar.h */,
				DD6C4DA6249E4C3B001C9344 /* WFBaseNavigationBar.m */,
				DD6C4DAC249E4C3C001C9344 /* WFBaseNavigationController.h */,
				DD6C4DA9249E4C3C001C9344 /* WFBaseNavigationController.m */,
				DD6C4DAA249E4C3C001C9344 /* WFCustomNavigationBar.h */,
				DD6C4DA5249E4C3B001C9344 /* WFCustomNavigationBar.m */,
				DD6C4DA8249E4C3C001C9344 /* WFMaskBackView.h */,
				DD6C4DAB249E4C3C001C9344 /* WFMaskBackView.m */,
			);
			path = BaseClass;
			sourceTree = "<group>";
		};
		DD6C4D7C249BAD0F001C9344 /* ViewControllers */ = {
			isa = PBXGroup;
			children = (
				DD6C4D78249BACD0001C9344 /* WFHomeViewController.h */,
				DD6C4D79249BACD0001C9344 /* WFHomeViewController.m */,
			);
			path = ViewControllers;
			sourceTree = "<group>";
		};
		DD6C4D7D249BAD24001C9344 /* Utils */ = {
			isa = PBXGroup;
			children = (
				DD1C7C1B24B5BBDA004F7CEF /* WebView */,
				DD6C4DB3249E4D92001C9344 /* 登录 */,
				DD6C4D7F249BAD5B001C9344 /* 手写板 */,
				DD6C4D87249BADA6001C9344 /* 音视频 */,
				DD6C4D86249BADA0001C9344 /* 图片 */,
				DD6C4D85249BAD9A001C9344 /* 文件缓存 */,
				DD6C4D84249BAD91001C9344 /* 拍照录像 */,
				DD6C4D83249BAD87001C9344 /* 文件上传 */,
			);
			path = Utils;
			sourceTree = "<group>";
		};
		DD6C4D7F249BAD5B001C9344 /* 手写板 */ = {
			isa = PBXGroup;
			children = (
				DD6C4D72249BACB2001C9344 /* WFSignatureViewController.h */,
				DD6C4D74249BACB2001C9344 /* WFSignatureViewController.m */,
				DD6C4D73249BACB2001C9344 /* WFSignatureView.h */,
				DD6C4D75249BACB2001C9344 /* WFSignatureView.m */,
				DD1C7C0424A5EA8E004F7CEF /* WFBrushBoardView.h */,
				DD1C7C0524A5EA8E004F7CEF /* WFBrushBoardView.m */,
				DD1C7C0C24A78FB6004F7CEF /* WFSignatureLine.h */,
				DD1C7C0D24A78FB6004F7CEF /* WFSignatureLine.m */,
				DD1C7C1524B35CD1004F7CEF /* WFColorTableViewCell.h */,
				DD1C7C1624B35CD1004F7CEF /* WFColorTableViewCell.m */,
				DD1C7C1824B360FB004F7CEF /* WFWidthTableViewCell.h */,
				DD1C7C1924B360FB004F7CEF /* WFWidthTableViewCell.m */,
			);
			path = "手写板";
			sourceTree = "<group>";
		};
		DD6C4D83249BAD87001C9344 /* 文件上传 */ = {
			isa = PBXGroup;
			children = (
				FE19468724B86D7000C1BEC1 /* Reachability.h */,
				FE19468824B86D7000C1BEC1 /* Reachability.m */,
				FE19468D24B873E100C1BEC1 /* WFNetworkManager.h */,
				FE19468E24B873E100C1BEC1 /* WFNetworkManager.m */,
				FE19468424B86D5F00C1BEC1 /* WFUploadViewController.h */,
				FE19468524B86D6000C1BEC1 /* WFUploadViewController.m */,
				FE19468A24B86F2E00C1BEC1 /* WFResponseModel.h */,
				FE19468B24B86F2E00C1BEC1 /* WFResponseModel.m */,
				CDFFDBE324D0806F00893F0F /* MPMProgressHUD.h */,
				CDFFDBE424D0807000893F0F /* MPMProgressHUD.m */,
			);
			path = "文件上传";
			sourceTree = "<group>";
		};
		DD6C4D84249BAD91001C9344 /* 拍照录像 */ = {
			isa = PBXGroup;
			children = (
				DD1C7BF924A44479004F7CEF /* 拍照 */,
				DD1C7BFA24A44480004F7CEF /* 录像 */,
			);
			path = "拍照录像";
			sourceTree = "<group>";
		};
		DD6C4D85249BAD9A001C9344 /* 文件缓存 */ = {
			isa = PBXGroup;
			children = (
				DD6C4DB4249FA008001C9344 /* WFFileReaderViewController.h */,
				DD6C4DB5249FA008001C9344 /* WFFileReaderViewController.m */,
				DD6C4DB7249FA080001C9344 /* WFFileReaderTableViewCell.h */,
				DD6C4DB8249FA080001C9344 /* WFFileReaderTableViewCell.m */,
				DD6C4DBA249FA0A6001C9344 /* WFFileReaderModel.h */,
				DD6C4DBB249FA0A6001C9344 /* WFFileReaderModel.m */,
				DD6C4DBD249FA0F5001C9344 /* WFFileReaderConst.h */,
				DD6C4DBE249FA19E001C9344 /* WFFileReaderManager.h */,
				DD6C4DBF249FA19E001C9344 /* WFFileReaderManager.m */,
				DD6C4DC1249FA912001C9344 /* WFFileReaderTableView.h */,
				DD6C4DC2249FA912001C9344 /* WFFileReaderTableView.m */,
				DD6C4DC4249FAA25001C9344 /* WFFileReader.h */,
				DD6C4DC5249FAA25001C9344 /* WFFileReader.m */,
			);
			path = "文件缓存";
			sourceTree = "<group>";
		};
		DD6C4D86249BADA0001C9344 /* 图片 */ = {
			isa = PBXGroup;
			children = (
			);
			path = "图片";
			sourceTree = "<group>";
		};
		DD6C4D87249BADA6001C9344 /* 音视频 */ = {
			isa = PBXGroup;
			children = (
				DDE9E18824B7E236005E453C /* WFDocumentReaderViewController.h */,
				DDE9E18924B7E236005E453C /* WFDocumentReaderViewController.m */,
				DD6C4DDA24A2415E001C9344 /* 录音 */,
				DD6C4DC824A0EE45001C9344 /* 视频播放 */,
			);
			path = "音视频";
			sourceTree = "<group>";
		};
		DD6C4D88249BADB9001C9344 /* Globals */ = {
			isa = PBXGroup;
			children = (
				FEA4AEF7249B4B7B006B9ABE /* PrefixHeader.pch */,
				DD5F045C249BA8240043C2AE /* ColorHelper.h */,
				DD5F045E249BA8240043C2AE /* Constant.h */,
				DD5F045F249BA8240043C2AE /* UserDefaultKey.h */,
			);
			path = Globals;
			sourceTree = "<group>";
		};
		DD6C4D89249BADC9001C9344 /* SupportingFiles */ = {
			isa = PBXGroup;
			children = (
				DD6C4DD824A0F6AA001C9344 /* movie.mp4 */,
				CD795AA71D18DDDF000B7619 /* Assets.xcassets */,
				CD795AAC1D18DDDF000B7619 /* Info.plist */,
				CD795A9C1D18DDDF000B7619 /* main.m */,
			);
			path = SupportingFiles;
			sourceTree = "<group>";
		};
		DD6C4D8A249BB3E8001C9344 /* Category */ = {
			isa = PBXGroup;
			children = (
				DD1C7C1324B21073004F7CEF /* WFCommomTool.h */,
				DD1C7C1224B21073004F7CEF /* WFCommomTool.m */,
				DD6C4DE424A2460F001C9344 /* UIView+Extention.h */,
				DD6C4DE524A2460F001C9344 /* UIView+Extention.m */,
				DD6C4D97249BB3FF001C9344 /* CATransition+WFExtension.h */,
				DD6C4D96249BB3FF001C9344 /* CATransition+WFExtension.m */,
				DD6C4D8F249BB3FF001C9344 /* NSCharacterSet+WFExtension.h */,
				DD6C4D93249BB3FF001C9344 /* NSCharacterSet+WFExtension.m */,
				DD6C4D8C249BB3FF001C9344 /* NSDateFormatter+WFExtension.h */,
				DD6C4D90249BB3FF001C9344 /* NSDateFormatter+WFExtension.m */,
				DD6C4D95249BB3FF001C9344 /* NSString+WFExtension.h */,
				DD6C4D91249BB3FF001C9344 /* NSString+WFExtension.m */,
				DD6C4D8B249BB3FE001C9344 /* UIButton+WFExtension.h */,
				DD6C4D8E249BB3FF001C9344 /* UIButton+WFExtension.m */,
				DD6C4D92249BB3FF001C9344 /* UIColor+WFExtension.h */,
				DD6C4D94249BB3FF001C9344 /* UIColor+WFExtension.m */,
				DD6C4D99249BB400001C9344 /* UIImage+WFExtension.h */,
				DD6C4D98249BB400001C9344 /* UIImage+WFExtension.m */,
				DD6C4D9A249BB400001C9344 /* UIViewController+WFExtention.h */,
				DD6C4D8D249BB3FF001C9344 /* UIViewController+WFExtention.m */,
			);
			path = Category;
			sourceTree = "<group>";
		};
		DD6C4DB3249E4D92001C9344 /* 登录 */ = {
			isa = PBXGroup;
			children = (
				FEA4AEF4249B1A47006B9ABE /* WFLoginViewController.h */,
				FEA4AEF5249B1A47006B9ABE /* WFLoginViewController.m */,
				DDE9E18B24C08777005E453C /* WFLoginModel.h */,
				DDE9E18C24C08777005E453C /* WFLoginModel.m */,
			);
			path = "登录";
			sourceTree = "<group>";
		};
		DD6C4DC824A0EE45001C9344 /* 视频播放 */ = {
			isa = PBXGroup;
			children = (
				DD6C4DD524A0F5F9001C9344 /* WFPlayVideoViewController.h */,
				DD6C4DD624A0F5F9001C9344 /* WFPlayVideoViewController.m */,
				DD6C4DD024A0F3D7001C9344 /* WFAVPlayerView.h */,
				DD6C4DD124A0F3D7001C9344 /* WFAVPlayerView.m */,
				DD6C4DCD24A0F3D7001C9344 /* WFAVPlayerControlView.h */,
				DD6C4DCC24A0F3D7001C9344 /* WFAVPlayerControlView.m */,
				DD6C4DCE24A0F3D7001C9344 /* WFAVPlayerSilder.h */,
				DD6C4DCF24A0F3D7001C9344 /* WFAVPlayerSilder.m */,
			);
			path = "视频播放";
			sourceTree = "<group>";
		};
		DD6C4DDA24A2415E001C9344 /* 录音 */ = {
			isa = PBXGroup;
			children = (
				FE1BEE1D24D01A6D00A8C1A3 /* MP3 */,
				DD6C4DFA24A25009001C9344 /* WFRecordAudioViewController.h */,
				DD6C4DFB24A25009001C9344 /* WFRecordAudioViewController.m */,
				DD6C4DDB24A24170001C9344 /* WFRecordVoiceButton.h */,
				DD6C4DDE24A24170001C9344 /* WFRecordVoiceButton.m */,
				DD6C4DDD24A24170001C9344 /* WFRecordVoiceHUD.h */,
				DD6C4DDC24A24170001C9344 /* WFRecordVoiceHUD.m */,
				DD6C4DE124A2421C001C9344 /* WFRecordTool.h */,
				DD6C4DE224A2421C001C9344 /* WFRecordTool.m */,
				DD6C4DFD24A2514F001C9344 /* WFAudioPlayer.h */,
				DD6C4DFE24A25150001C9344 /* WFAudioPlayer.m */,
				DD6C4DE724A24675001C9344 /* WFFileManager.h */,
				DD6C4DE824A24675001C9344 /* WFFileManager.m */,
				DD6C4DEA24A2468F001C9344 /* AMR */,
			);
			path = "录音";
			sourceTree = "<group>";
		};
		DD6C4DEA24A2468F001C9344 /* AMR */ = {
			isa = PBXGroup;
			children = (
				DD6C4DEF24A246B7001C9344 /* lib */,
				DD6C4DEE24A246B0001C9344 /* include */,
				DD6C4DEB24A246A8001C9344 /* amrFileCodec.h */,
				DD6C4DEC24A246AD001C9344 /* amrFileCodec.m */,
			);
			path = AMR;
			sourceTree = "<group>";
		};
		DD6C4DEE24A246B0001C9344 /* include */ = {
			isa = PBXGroup;
			children = (
				DD6C4DF724A246DE001C9344 /* opencore-amrnb */,
				DD6C4DF424A246CA001C9344 /* opencore-amrwb */,
			);
			path = include;
			sourceTree = "<group>";
		};
		DD6C4DEF24A246B7001C9344 /* lib */ = {
			isa = PBXGroup;
			children = (
				DD6C4DF024A246C0001C9344 /* libopencore-amrwb.a */,
				DD6C4DF124A246C0001C9344 /* libopencore-amrnb.a */,
			);
			path = lib;
			sourceTree = "<group>";
		};
		DD6C4DF424A246CA001C9344 /* opencore-amrwb */ = {
			isa = PBXGroup;
			children = (
				DD6C4DF524A246D5001C9344 /* if_rom.h */,
				DD6C4DF624A246D5001C9344 /* dec_if.h */,
			);
			path = "opencore-amrwb";
			sourceTree = "<group>";
		};
		DD6C4DF724A246DE001C9344 /* opencore-amrnb */ = {
			isa = PBXGroup;
			children = (
				DD6C4DF924A246E7001C9344 /* interf_dec.h */,
				DD6C4DF824A246E7001C9344 /* interf_enc.h */,
			);
			path = "opencore-amrnb";
			sourceTree = "<group>";
		};
		FE1BEE1D24D01A6D00A8C1A3 /* MP3 */ = {
			isa = PBXGroup;
			children = (
				FE1BEE1E24D01AB100A8C1A3 /* lame.h */,
				FE1BEE1F24D01AB100A8C1A3 /* libmp3lame.a */,
			);
			path = MP3;
			sourceTree = "<group>";
		};
/* End PBXGroup section */

/* Begin PBXNativeTarget section */
		CD795A971D18DDDF000B7619 /* DoctorOnHand */ = {
			isa = PBXNativeTarget;
			buildConfigurationList = CD795AAF1D18DDDF000B7619 /* Build configuration list for PBXNativeTarget "DoctorOnHand" */;
			buildPhases = (
				9CEA186436AA7A5050268D84 /* [CP] Check Pods Manifest.lock */,
				CD795A941D18DDDF000B7619 /* Sources */,
				CD795A951D18DDDF000B7619 /* Frameworks */,
				CD795A961D18DDDF000B7619 /* Resources */,
				392670A8B771D88124044379 /* [CP] Copy Pods Resources */,
			);
			buildRules = (
			);
			dependencies = (
			);
			name = DoctorOnHand;
			productName = Animation;
			productReference = CD795A981D18DDDF000B7619 /* 移动医生.app */;
			productType = "com.apple.product-type.application";
		};
/* End PBXNativeTarget section */

/* Begin PBXProject section */
		CD795A901D18DDDF000B7619 /* Project object */ = {
			isa = PBXProject;
			attributes = {
				CLASSPREFIX = WF;
				LastUpgradeCheck = 0720;
				ORGANIZATIONNAME = sgn;
				TargetAttributes = {
					CD795A971D18DDDF000B7619 = {
						CreatedOnToolsVersion = 7.2.1;
						DevelopmentTeam = ST6DF8EBB7;
					};
				};
			};
			buildConfigurationList = CD795A931D18DDDF000B7619 /* Build configuration list for PBXProject "DoctorOnHand" */;
			compatibilityVersion = "Xcode 3.2";
			developmentRegion = English;
			hasScannedForEncodings = 0;
			knownRegions = (
				English,
				en,
				Base,
			);
			mainGroup = CD795A8F1D18DDDF000B7619;
			productRefGroup = CD795A991D18DDDF000B7619 /* Products */;
			projectDirPath = "";
			projectRoot = "";
			targets = (
				CD795A971D18DDDF000B7619 /* DoctorOnHand */,
			);
		};
/* End PBXProject section */

/* Begin PBXResourcesBuildPhase section */
		CD795A961D18DDDF000B7619 /* Resources */ = {
			isa = PBXResourcesBuildPhase;
			buildActionMask = 2147483647;
			files = (
				DD6C4DD924A0F6AA001C9344 /* movie.mp4 in Resources */,
				DD1C7C4224B73F9D004F7CEF /* WebResources in Resources */,
				CD795AA81D18DDDF000B7619 /* Assets.xcassets in Resources */,
			);
			runOnlyForDeploymentPostprocessing = 0;
		};
/* End PBXResourcesBuildPhase section */

/* Begin PBXShellScriptBuildPhase section */
		392670A8B771D88124044379 /* [CP] Copy Pods Resources */ = {
			isa = PBXShellScriptBuildPhase;
			buildActionMask = 2147483647;
			files = (
			);
			inputPaths = (
				"${PODS_ROOT}/Target Support Files/Pods-DoctorOnHand/Pods-DoctorOnHand-resources.sh",
				"${PODS_ROOT}/MJRefresh/MJRefresh/MJRefresh.bundle",
				"${PODS_ROOT}/TZImagePickerController/TZImagePickerController/TZImagePickerController/TZImagePickerController.bundle",
			);
			name = "[CP] Copy Pods Resources";
			outputPaths = (
				"${TARGET_BUILD_DIR}/${UNLOCALIZED_RESOURCES_FOLDER_PATH}/MJRefresh.bundle",
				"${TARGET_BUILD_DIR}/${UNLOCALIZED_RESOURCES_FOLDER_PATH}/TZImagePickerController.bundle",
			);
			runOnlyForDeploymentPostprocessing = 0;
			shellPath = /bin/sh;
			shellScript = "\"${PODS_ROOT}/Target Support Files/Pods-DoctorOnHand/Pods-DoctorOnHand-resources.sh\"\n";
			showEnvVarsInLog = 0;
		};
		9CEA186436AA7A5050268D84 /* [CP] Check Pods Manifest.lock */ = {
			isa = PBXShellScriptBuildPhase;
			buildActionMask = 2147483647;
			files = (
			);
			inputFileListPaths = (
			);
			inputPaths = (
				"${PODS_PODFILE_DIR_PATH}/Podfile.lock",
				"${PODS_ROOT}/Manifest.lock",
			);
			name = "[CP] Check Pods Manifest.lock";
			outputFileListPaths = (
			);
			outputPaths = (
				"$(DERIVED_FILE_DIR)/Pods-DoctorOnHand-checkManifestLockResult.txt",
			);
			runOnlyForDeploymentPostprocessing = 0;
			shellPath = /bin/sh;
			shellScript = "diff \"${PODS_PODFILE_DIR_PATH}/Podfile.lock\" \"${PODS_ROOT}/Manifest.lock\" > /dev/null\nif [ $? != 0 ] ; then\n    # print error to STDERR\n    echo \"error: The sandbox is not in sync with the Podfile.lock. Run 'pod install' or update your CocoaPods installation.\" >&2\n    exit 1\nfi\n# This output is used by Xcode 'outputs' to avoid re-running this script phase.\necho \"SUCCESS\" > \"${SCRIPT_OUTPUT_FILE_0}\"\n";
			showEnvVarsInLog = 0;
		};
/* End PBXShellScriptBuildPhase section */

/* Begin PBXSourcesBuildPhase section */
		CD795A941D18DDDF000B7619 /* Sources */ = {
			isa = PBXSourcesBuildPhase;
			buildActionMask = 2147483647;
			files = (
				DD6C4D9F249BB400001C9344 /* NSCharacterSet+WFExtension.m in Sources */,
				DD1C7C1724B35CD1004F7CEF /* WFColorTableViewCell.m in Sources */,
				DD6C4DDF24A24170001C9344 /* WFRecordVoiceHUD.m in Sources */,
				DD6C4D7A249BACD0001C9344 /* WFHomeViewController.m in Sources */,
				DD1C7C0E24A78FB6004F7CEF /* WFSignatureLine.m in Sources */,
				FEA4AEF6249B1A47006B9ABE /* WFLoginViewController.m in Sources */,
				DD6C4DD424A0F3D7001C9344 /* WFAVPlayerView.m in Sources */,
				CDFFDBE524D0807000893F0F /* MPMProgressHUD.m in Sources */,
				DD1C7BFD24A444AD004F7CEF /* WFRecordVideoViewController.m in Sources */,
				DD6C4DC6249FAA25001C9344 /* WFFileReader.m in Sources */,
				DDE9E18D24C08777005E453C /* WFLoginModel.m in Sources */,
				DD6C4DC0249FA19E001C9344 /* WFFileReaderManager.m in Sources */,
				FE19468924B86D7000C1BEC1 /* Reachability.m in Sources */,
				DD6C4DE324A2421C001C9344 /* WFRecordTool.m in Sources */,
				DD1C7C1A24B360FB004F7CEF /* WFWidthTableViewCell.m in Sources */,
				DD6C4DE924A24675001C9344 /* WFFileManager.m in Sources */,
				DD6C4DE024A24170001C9344 /* WFRecordVoiceButton.m in Sources */,
				FE19468C24B86F2E00C1BEC1 /* WFResponseModel.m in Sources */,
				DD6C4DD724A0F5FA001C9344 /* WFPlayVideoViewController.m in Sources */,
				FE19468F24B873E100C1BEC1 /* WFNetworkManager.m in Sources */,
				DD6C4DFF24A25150001C9344 /* WFAudioPlayer.m in Sources */,
				DD6C4DED24A246AD001C9344 /* amrFileCodec.m in Sources */,
				DD6C4DA2249BB400001C9344 /* UIImage+WFExtension.m in Sources */,
				DD6C4DA1249BB400001C9344 /* CATransition+WFExtension.m in Sources */,
				CD795AA01D18DDDF000B7619 /* AppDelegate.m in Sources */,
				DD1C7C1424B21073004F7CEF /* WFCommomTool.m in Sources */,
				DD5F0469249BAC590043C2AE /* WFBaseViewController.m in Sources */,
				DD6C4DA4249BB4F1001C9344 /* XPRootNavigationController.m in Sources */,
				DD1C7C0624A5EA8E004F7CEF /* WFBrushBoardView.m in Sources */,
				DD6C4D9B249BB400001C9344 /* UIViewController+WFExtention.m in Sources */,
				DD6C4DB6249FA008001C9344 /* WFFileReaderViewController.m in Sources */,
				DDE9E18724B7C92B005E453C /* WFRecordVideoPadViewController.m in Sources */,
				DD1C7C0024A444F4004F7CEF /* WFVideoProgress.m in Sources */,
				DD6C4DAE249E4C3C001C9344 /* WFBaseNavigationBar.m in Sources */,
				DD6C4DFC24A25009001C9344 /* WFRecordAudioViewController.m in Sources */,
				FE19468624B86D6000C1BEC1 /* WFUploadViewController.m in Sources */,
				DD6C4DB0249E4C3C001C9344 /* WFMaskBackView.m in Sources */,
				CD795A9D1D18DDDF000B7619 /* main.m in Sources */,
				DD6C4DD224A0F3D7001C9344 /* WFAVPlayerControlView.m in Sources */,
				DD1C7C3524B609D0004F7CEF /* WFWKWebViewController.m in Sources */,
				DD6C4DB9249FA080001C9344 /* WFFileReaderTableViewCell.m in Sources */,
				DD6C4DBC249FA0A6001C9344 /* WFFileReaderModel.m in Sources */,
				DD6C4D9D249BB400001C9344 /* NSDateFormatter+WFExtension.m in Sources */,
				DD6C4D77249BACB2001C9344 /* WFSignatureView.m in Sources */,
				DD6C4D9E249BB400001C9344 /* NSString+WFExtension.m in Sources */,
				DD1C7C3624B609D0004F7CEF /* WFWebViewBridge.m in Sources */,
				DD1C7C3724B609D0004F7CEF /* WFWebViewUIConfiguration.m in Sources */,
				DD6C4DA0249BB400001C9344 /* UIColor+WFExtension.m in Sources */,
				DD1C7C2B24B5FA9A004F7CEF /* WFTakePhotoPadViewController.m in Sources */,
				DD6C4DAF249E4C3C001C9344 /* WFBaseNavigationController.m in Sources */,
				DD6C4DAD249E4C3C001C9344 /* WFCustomNavigationBar.m in Sources */,
				DD1C7C3F24B610C7004F7CEF /* WFCustomNavLeftButton.m in Sources */,
				DDE9E18A24B7E236005E453C /* WFDocumentReaderViewController.m in Sources */,
				DD6C4DE624A2460F001C9344 /* UIView+Extention.m in Sources */,
				DD6C4D76249BACB2001C9344 /* WFSignatureViewController.m in Sources */,
				DD1C7C0324A4D716004F7CEF /* WFTakePhotoViewController.m in Sources */,
				DD6C4DD324A0F3D7001C9344 /* WFAVPlayerSilder.m in Sources */,
				DD6C4DC3249FA912001C9344 /* WFFileReaderTableView.m in Sources */,
				DD6C4D9C249BB400001C9344 /* UIButton+WFExtension.m in Sources */,
				DD1C7C3C24B60A6A004F7CEF /* WFWebDefaultView.m in Sources */,
			);
			runOnlyForDeploymentPostprocessing = 0;
		};
/* End PBXSourcesBuildPhase section */

/* Begin XCBuildConfiguration section */
		CD795AAD1D18DDDF000B7619 /* Debug */ = {
			isa = XCBuildConfiguration;
			buildSettings = {
				ALWAYS_SEARCH_USER_PATHS = NO;
				CLANG_CXX_LANGUAGE_STANDARD = "gnu++0x";
				CLANG_CXX_LIBRARY = "libc++";
				CLANG_ENABLE_MODULES = YES;
				CLANG_ENABLE_OBJC_ARC = YES;
				CLANG_WARN_BOOL_CONVERSION = YES;
				CLANG_WARN_CONSTANT_CONVERSION = YES;
				CLANG_WARN_DIRECT_OBJC_ISA_USAGE = YES_ERROR;
				CLANG_WARN_EMPTY_BODY = YES;
				CLANG_WARN_ENUM_CONVERSION = YES;
				CLANG_WARN_INT_CONVERSION = YES;
				CLANG_WARN_OBJC_ROOT_CLASS = YES_ERROR;
				CLANG_WARN_UNREACHABLE_CODE = YES;
				CLANG_WARN__DUPLICATE_METHOD_MATCH = YES;
				"CODE_SIGN_IDENTITY[sdk=iphoneos*]" = "iPhone Developer";
				COPY_PHASE_STRIP = NO;
				DEBUG_INFORMATION_FORMAT = dwarf;
				ENABLE_STRICT_OBJC_MSGSEND = YES;
				ENABLE_TESTABILITY = YES;
				GCC_C_LANGUAGE_STANDARD = gnu99;
				GCC_DYNAMIC_NO_PIC = NO;
				GCC_NO_COMMON_BLOCKS = YES;
				GCC_OPTIMIZATION_LEVEL = 0;
				GCC_PREPROCESSOR_DEFINITIONS = (
					"DEBUG=1",
					"$(inherited)",
				);
				GCC_WARN_64_TO_32_BIT_CONVERSION = YES;
				GCC_WARN_ABOUT_RETURN_TYPE = YES_ERROR;
				GCC_WARN_UNDECLARED_SELECTOR = YES;
				GCC_WARN_UNINITIALIZED_AUTOS = YES_AGGRESSIVE;
				GCC_WARN_UNUSED_FUNCTION = YES;
				GCC_WARN_UNUSED_VARIABLE = YES;
				IPHONEOS_DEPLOYMENT_TARGET = 9.2;
				MTL_ENABLE_DEBUG_INFO = YES;
				ONLY_ACTIVE_ARCH = YES;
				SDKROOT = iphoneos;
			};
			name = Debug;
		};
		CD795AAE1D18DDDF000B7619 /* Release */ = {
			isa = XCBuildConfiguration;
			buildSettings = {
				ALWAYS_SEARCH_USER_PATHS = NO;
				CLANG_CXX_LANGUAGE_STANDARD = "gnu++0x";
				CLANG_CXX_LIBRARY = "libc++";
				CLANG_ENABLE_MODULES = YES;
				CLANG_ENABLE_OBJC_ARC = YES;
				CLANG_WARN_BOOL_CONVERSION = YES;
				CLANG_WARN_CONSTANT_CONVERSION = YES;
				CLANG_WARN_DIRECT_OBJC_ISA_USAGE = YES_ERROR;
				CLANG_WARN_EMPTY_BODY = YES;
				CLANG_WARN_ENUM_CONVERSION = YES;
				CLANG_WARN_INT_CONVERSION = YES;
				CLANG_WARN_OBJC_ROOT_CLASS = YES_ERROR;
				CLANG_WARN_UNREACHABLE_CODE = YES;
				CLANG_WARN__DUPLICATE_METHOD_MATCH = YES;
				"CODE_SIGN_IDENTITY[sdk=iphoneos*]" = "iPhone Developer";
				COPY_PHASE_STRIP = NO;
				DEBUG_INFORMATION_FORMAT = "dwarf-with-dsym";
				ENABLE_NS_ASSERTIONS = NO;
				ENABLE_STRICT_OBJC_MSGSEND = YES;
				GCC_C_LANGUAGE_STANDARD = gnu99;
				GCC_NO_COMMON_BLOCKS = YES;
				GCC_WARN_64_TO_32_BIT_CONVERSION = YES;
				GCC_WARN_ABOUT_RETURN_TYPE = YES_ERROR;
				GCC_WARN_UNDECLARED_SELECTOR = YES;
				GCC_WARN_UNINITIALIZED_AUTOS = YES_AGGRESSIVE;
				GCC_WARN_UNUSED_FUNCTION = YES;
				GCC_WARN_UNUSED_VARIABLE = YES;
				IPHONEOS_DEPLOYMENT_TARGET = 9.2;
				MTL_ENABLE_DEBUG_INFO = NO;
				SDKROOT = iphoneos;
				VALIDATE_PRODUCT = YES;
			};
			name = Release;
		};
		CD795AB01D18DDDF000B7619 /* Debug */ = {
			isa = XCBuildConfiguration;
			baseConfigurationReference = C2646091207787AD70D64DC7 /* Pods-DoctorOnHand.debug.xcconfig */;
			buildSettings = {
				ASSETCATALOG_COMPILER_APPICON_NAME = AppIcon;
				DEVELOPMENT_TEAM = ST6DF8EBB7;
				ENABLE_BITCODE = NO;
				GCC_PREFIX_HEADER = "$(SRCROOT)/DoctorOnHand/Globals/PrefixHeader.pch";
				INFOPLIST_FILE = "$(SRCROOT)/DoctorOnHand/SupportingFiles/Info.plist";
				IPHONEOS_DEPLOYMENT_TARGET = 9.0;
				LD_RUNPATH_SEARCH_PATHS = "$(inherited) @executable_path/Frameworks";
				LIBRARY_SEARCH_PATHS = (
					"$(inherited)",
					"$(PROJECT_DIR)/DoctorOnHand/Utils/音视频/录音/AMR/lib",
					"$(PROJECT_DIR)/DoctorOnHand/Utils/音视频/录音/AMR",
					"$(PROJECT_DIR)/DoctorOnHand/Utils/音视频/录音/MP3",
				);
				MARKETING_VERSION = 1.0.0;
				PRODUCT_BUNDLE_IDENTIFIER = "com.wisefly.DoctorOnHand-sh";
				PRODUCT_NAME = "移动医生";
				TARGETED_DEVICE_FAMILY = "1,2";
			};
			name = Debug;
		};
		CD795AB11D18DDDF000B7619 /* Release */ = {
			isa = XCBuildConfiguration;
			baseConfigurationReference = 653F83E6ACB345449029A4B2 /* Pods-DoctorOnHand.release.xcconfig */;
			buildSettings = {
				ASSETCATALOG_COMPILER_APPICON_NAME = AppIcon;
				DEVELOPMENT_TEAM = ST6DF8EBB7;
				ENABLE_BITCODE = NO;
				GCC_PREFIX_HEADER = "$(SRCROOT)/DoctorOnHand/Globals/PrefixHeader.pch";
				INFOPLIST_FILE = "$(SRCROOT)/DoctorOnHand/SupportingFiles/Info.plist";
				IPHONEOS_DEPLOYMENT_TARGET = 9.0;
				LD_RUNPATH_SEARCH_PATHS = "$(inherited) @executable_path/Frameworks";
				LIBRARY_SEARCH_PATHS = (
					"$(inherited)",
					"$(PROJECT_DIR)/DoctorOnHand/Utils/音视频/录音/AMR/lib",
					"$(PROJECT_DIR)/DoctorOnHand/Utils/音视频/录音/AMR",
					"$(PROJECT_DIR)/DoctorOnHand/Utils/音视频/录音/MP3",
				);
				MARKETING_VERSION = 1.0.0;
				PRODUCT_BUNDLE_IDENTIFIER = "com.wisefly.DoctorOnHand-sh";
				PRODUCT_NAME = "移动医生";
				TARGETED_DEVICE_FAMILY = "1,2";
			};
			name = Release;
		};
/* End XCBuildConfiguration section */

/* Begin XCConfigurationList section */
		CD795A931D18DDDF000B7619 /* Build configuration list for PBXProject "DoctorOnHand" */ = {
			isa = XCConfigurationList;
			buildConfigurations = (
				CD795AAD1D18DDDF000B7619 /* Debug */,
				CD795AAE1D18DDDF000B7619 /* Release */,
			);
			defaultConfigurationIsVisible = 0;
			defaultConfigurationName = Release;
		};
		CD795AAF1D18DDDF000B7619 /* Build configuration list for PBXNativeTarget "DoctorOnHand" */ = {
			isa = XCConfigurationList;
			buildConfigurations = (
				CD795AB01D18DDDF000B7619 /* Debug */,
				CD795AB11D18DDDF000B7619 /* Release */,
			);
			defaultConfigurationIsVisible = 0;
			defaultConfigurationName = Release;
		};
/* End XCConfigurationList section */
	};
	rootObject = CD795A901D18DDDF000B7619 /* Project object */;
}
